// !$*UTF8*$!
{
	archiveVersion = 1;
	classes = {
	};
	objectVersion = 56;
	objects = {

/* Begin PBXBuildFile section */
		424A6A212AE2FABC00B4F319 /* EssentialFeediOS.framework in Frameworks */ = {isa = PBXBuildFile; fileRef = 424A6A192AE2FABC00B4F319 /* EssentialFeediOS.framework */; };
		424A6A332AE2FB9500B4F319 /* CI.swift in Sources */ = {isa = PBXBuildFile; fileRef = 42FB00D42ADD9B11001953DA /* CI.swift */; };
		424A6A352AE2FB9500B4F319 /* EssentialFeed.framework in Frameworks */ = {isa = PBXBuildFile; fileRef = 426367B02AD8652800950C17 /* EssentialFeed.framework */; platformFilter = ios; };
		426367B92AD8652800950C17 /* EssentialFeed.framework in Frameworks */ = {isa = PBXBuildFile; fileRef = 426367B02AD8652800950C17 /* EssentialFeed.framework */; };
		426367BE2AD8652800950C17 /* EssentialFeedTests.swift in Sources */ = {isa = PBXBuildFile; fileRef = 426367BD2AD8652800950C17 /* EssentialFeedTests.swift */; };
		426367BF2AD8652800950C17 /* EssentialFeed.h in Headers */ = {isa = PBXBuildFile; fileRef = 426367B32AD8652800950C17 /* EssentialFeed.h */; settings = {ATTRIBUTES = (Public, ); }; };
		426367C92AD865F700950C17 /* FeedImage.swift in Sources */ = {isa = PBXBuildFile; fileRef = 426367C82AD865F700950C17 /* FeedImage.swift */; };
		42DED8C72AE601130093EF6C /* EssentialFeed.framework in Frameworks */ = {isa = PBXBuildFile; fileRef = 426367B02AD8652800950C17 /* EssentialFeed.framework */; platformFilter = ios; };
		42DED8C82AE601130093EF6C /* EssentialFeed.framework in Embed Frameworks */ = {isa = PBXBuildFile; fileRef = 426367B02AD8652800950C17 /* EssentialFeed.framework */; platformFilter = ios; settings = {ATTRIBUTES = (CodeSignOnCopy, RemoveHeadersOnCopy, ); }; };
		42DED8CD2AE6845F0093EF6C /* UITestHelpers.swift in Sources */ = {isa = PBXBuildFile; fileRef = 42DED8CC2AE6845F0093EF6C /* UITestHelpers.swift */; };
		42DED8CF2AE68B9B0093EF6C /* FeedViewController.swift in Sources */ = {isa = PBXBuildFile; fileRef = 42DED8CE2AE68B9B0093EF6C /* FeedViewController.swift */; };
		42DED8D12AE68C810093EF6C /* FeedImageCell.swift in Sources */ = {isa = PBXBuildFile; fileRef = 42DED8D02AE68C810093EF6C /* FeedImageCell.swift */; };
		42DED8D32AE6920C0093EF6C /* UIView+Shimmering.swift in Sources */ = {isa = PBXBuildFile; fileRef = 42DED8D22AE6920C0093EF6C /* UIView+Shimmering.swift */; };
		42DED8D82AE697F50093EF6C /* FeedViewControllerTestHelpers.swift in Sources */ = {isa = PBXBuildFile; fileRef = 42DED8D72AE697F50093EF6C /* FeedViewControllerTestHelpers.swift */; };
		42DED8DA2AE6985D0093EF6C /* FeedImageCell+Helpers.swift in Sources */ = {isa = PBXBuildFile; fileRef = 42DED8D92AE6985D0093EF6C /* FeedImageCell+Helpers.swift */; };
		42DED8DC2AE698B40093EF6C /* FeedViewControllerTests+Spy.swift in Sources */ = {isa = PBXBuildFile; fileRef = 42DED8DB2AE698B40093EF6C /* FeedViewControllerTests+Spy.swift */; };
		42DED8DE2AE698FE0093EF6C /* FeedViewControllerTests+Helpers.swift in Sources */ = {isa = PBXBuildFile; fileRef = 42DED8DD2AE698FE0093EF6C /* FeedViewControllerTests+Helpers.swift */; };
		42E83D812AE5F114007E404B /* FeedViewControllerTests.swift in Sources */ = {isa = PBXBuildFile; fileRef = 42E83D802AE5F114007E404B /* FeedViewControllerTests.swift */; };
		42E83D822AE5F23A007E404B /* XCTestCase+Helpers.swift in Sources */ = {isa = PBXBuildFile; fileRef = 42FEA0792AD9CE2500D9B7E2 /* XCTestCase+Helpers.swift */; };
		42E83D832AE6002F007E404B /* XCTestCase+Helpers.swift in Sources */ = {isa = PBXBuildFile; fileRef = 42FEA0792AD9CE2500D9B7E2 /* XCTestCase+Helpers.swift */; };
		42E83D842AE60031007E404B /* XCTestCase+Helpers.swift in Sources */ = {isa = PBXBuildFile; fileRef = 42FEA0792AD9CE2500D9B7E2 /* XCTestCase+Helpers.swift */; };
		42FB00BB2ADD5742001953DA /* URLSessionHTTPClientTests.swift in Sources */ = {isa = PBXBuildFile; fileRef = 42FB00BA2ADD5742001953DA /* URLSessionHTTPClientTests.swift */; };
		42FB00BD2ADD90F5001953DA /* URLSessionHTTPClient.swift in Sources */ = {isa = PBXBuildFile; fileRef = 42FB00BC2ADD90F5001953DA /* URLSessionHTTPClient.swift */; };
		42FB00C62ADD9694001953DA /* EssentialFeedAPIEndToEndTests.swift in Sources */ = {isa = PBXBuildFile; fileRef = 42FB00C52ADD9694001953DA /* EssentialFeedAPIEndToEndTests.swift */; };
		42FB00C72ADD9694001953DA /* EssentialFeed.framework in Frameworks */ = {isa = PBXBuildFile; fileRef = 426367B02AD8652800950C17 /* EssentialFeed.framework */; };
		42FB00CD2ADD9952001953DA /* XCTestCase+Helpers.swift in Sources */ = {isa = PBXBuildFile; fileRef = 42FEA0792AD9CE2500D9B7E2 /* XCTestCase+Helpers.swift */; };
		42FB00D52ADD9B11001953DA /* CI.swift in Sources */ = {isa = PBXBuildFile; fileRef = 42FB00D42ADD9B11001953DA /* CI.swift */; };
		42FB00D62ADD9B11001953DA /* EssentialFeed.framework in Frameworks */ = {isa = PBXBuildFile; fileRef = 426367B02AD8652800950C17 /* EssentialFeed.framework */; };
		42FB00DF2ADDB2EC001953DA /* CachedFeedUseCaseTests.swift in Sources */ = {isa = PBXBuildFile; fileRef = 42FB00DE2ADDB2EC001953DA /* CachedFeedUseCaseTests.swift */; };
		42FB00E12ADEDB86001953DA /* FeedStoreSpy.swift in Sources */ = {isa = PBXBuildFile; fileRef = 42FB00E02ADEDB85001953DA /* FeedStoreSpy.swift */; };
		42FB00E42ADEE3BA001953DA /* LocalFeedLoader.swift in Sources */ = {isa = PBXBuildFile; fileRef = 42FB00E32ADEE3BA001953DA /* LocalFeedLoader.swift */; };
		42FB00E62ADEE3C6001953DA /* FeedStore.swift in Sources */ = {isa = PBXBuildFile; fileRef = 42FB00E52ADEE3C6001953DA /* FeedStore.swift */; };
		42FB00E82ADEEB67001953DA /* LocalFeedImage.swift in Sources */ = {isa = PBXBuildFile; fileRef = 42FB00E72ADEEB67001953DA /* LocalFeedImage.swift */; };
		42FB00EA2ADEF5AD001953DA /* LoadFeedFromCacheUseCaseTests.swift in Sources */ = {isa = PBXBuildFile; fileRef = 42FB00E92ADEF5AD001953DA /* LoadFeedFromCacheUseCaseTests.swift */; };
		42FB00EC2AE04C62001953DA /* Date+Helpers.swift in Sources */ = {isa = PBXBuildFile; fileRef = 42FB00EB2AE04C62001953DA /* Date+Helpers.swift */; };
		42FB00EE2AE1640C001953DA /* ValidateCacheUseCaseTests.swift in Sources */ = {isa = PBXBuildFile; fileRef = 42FB00ED2AE1640C001953DA /* ValidateCacheUseCaseTests.swift */; };
		42FB00F02AE16D2C001953DA /* FeedCachePolicy.swift in Sources */ = {isa = PBXBuildFile; fileRef = 42FB00EF2AE16D2C001953DA /* FeedCachePolicy.swift */; };
		42FB00F62AE18CE7001953DA /* FeedStoreSpecs.swift in Sources */ = {isa = PBXBuildFile; fileRef = 42FB00F52AE18CE7001953DA /* FeedStoreSpecs.swift */; };
		42FB00F82AE18D4C001953DA /* XCTestCase+FeedStoreSpecs.swift in Sources */ = {isa = PBXBuildFile; fileRef = 42FB00F72AE18D4C001953DA /* XCTestCase+FeedStoreSpecs.swift */; };
		42FB00FA2AE19566001953DA /* XCTestCase+FailableDeleteFeedStoreSpecs.swift in Sources */ = {isa = PBXBuildFile; fileRef = 42FB00F92AE19566001953DA /* XCTestCase+FailableDeleteFeedStoreSpecs.swift */; };
		42FB00FC2AE1958E001953DA /* XCTestCase+FailableInsertFeedStoreSpecs.swift in Sources */ = {isa = PBXBuildFile; fileRef = 42FB00FB2AE1958E001953DA /* XCTestCase+FailableInsertFeedStoreSpecs.swift */; };
		42FB00FE2AE195AB001953DA /* XCTestCase+FailableRetrieveFeedStoreSpecs.swift in Sources */ = {isa = PBXBuildFile; fileRef = 42FB00FD2AE195AB001953DA /* XCTestCase+FailableRetrieveFeedStoreSpecs.swift */; };
		42FB01012AE1ACC6001953DA /* CoreDataFeedStoreTests.swift in Sources */ = {isa = PBXBuildFile; fileRef = 42FB01002AE1ACC6001953DA /* CoreDataFeedStoreTests.swift */; };
		42FB01032AE1AD06001953DA /* CoreDataFeedStore.swift in Sources */ = {isa = PBXBuildFile; fileRef = 42FB01022AE1AD06001953DA /* CoreDataFeedStore.swift */; };
		42FB01062AE1ADE4001953DA /* FeedStore.xcdatamodeld in Sources */ = {isa = PBXBuildFile; fileRef = 42FB01042AE1ADE4001953DA /* FeedStore.xcdatamodeld */; };
		42FB010F2AE1BFF3001953DA /* EssentialFeedCacheIntegrationTests.swift in Sources */ = {isa = PBXBuildFile; fileRef = 42FB010E2AE1BFF3001953DA /* EssentialFeedCacheIntegrationTests.swift */; };
		42FB01102AE1BFF3001953DA /* EssentialFeed.framework in Frameworks */ = {isa = PBXBuildFile; fileRef = 426367B02AD8652800950C17 /* EssentialFeed.framework */; };
		42FB01162AE1C0CB001953DA /* XCTestCase+Helpers.swift in Sources */ = {isa = PBXBuildFile; fileRef = 42FEA0792AD9CE2500D9B7E2 /* XCTestCase+Helpers.swift */; };
		42FEA06B2AD8669800D9B7E2 /* FeedLoader.swift in Sources */ = {isa = PBXBuildFile; fileRef = 42FEA06A2AD8669800D9B7E2 /* FeedLoader.swift */; };
		42FEA06F2AD867BB00D9B7E2 /* LoadFeedFromRemoteUseCaseTests.swift in Sources */ = {isa = PBXBuildFile; fileRef = 42FEA06E2AD867BB00D9B7E2 /* LoadFeedFromRemoteUseCaseTests.swift */; };
		42FEA0722AD98CC700D9B7E2 /* RemoteFeedLoader.swift in Sources */ = {isa = PBXBuildFile; fileRef = 42FEA0712AD98CC700D9B7E2 /* RemoteFeedLoader.swift */; };
		42FEA0742AD98CE500D9B7E2 /* HTTPClient.swift in Sources */ = {isa = PBXBuildFile; fileRef = 42FEA0732AD98CE500D9B7E2 /* HTTPClient.swift */; };
		42FEA0762AD9CC3900D9B7E2 /* FeedItemsMapper.swift in Sources */ = {isa = PBXBuildFile; fileRef = 42FEA0752AD9CC3900D9B7E2 /* FeedItemsMapper.swift */; };
		42FEA0782AD9CC5E00D9B7E2 /* HTTPClientSpy.swift in Sources */ = {isa = PBXBuildFile; fileRef = 42FEA0772AD9CC5E00D9B7E2 /* HTTPClientSpy.swift */; };
		42FEA07A2AD9CE2500D9B7E2 /* XCTestCase+Helpers.swift in Sources */ = {isa = PBXBuildFile; fileRef = 42FEA0792AD9CE2500D9B7E2 /* XCTestCase+Helpers.swift */; };
/* End PBXBuildFile section */

/* Begin PBXContainerItemProxy section */
		424A6A222AE2FABC00B4F319 /* PBXContainerItemProxy */ = {
			isa = PBXContainerItemProxy;
			containerPortal = 426367A72AD8652800950C17 /* Project object */;
			proxyType = 1;
			remoteGlobalIDString = 424A6A182AE2FABC00B4F319;
			remoteInfo = EssentialFeediOS;
		};
		424A6A312AE2FB9500B4F319 /* PBXContainerItemProxy */ = {
			isa = PBXContainerItemProxy;
			containerPortal = 426367A72AD8652800950C17 /* Project object */;
			proxyType = 1;
			remoteGlobalIDString = 426367AF2AD8652800950C17;
			remoteInfo = EssentialFeed;
		};
		426367BA2AD8652800950C17 /* PBXContainerItemProxy */ = {
			isa = PBXContainerItemProxy;
			containerPortal = 426367A72AD8652800950C17 /* Project object */;
			proxyType = 1;
			remoteGlobalIDString = 426367AF2AD8652800950C17;
			remoteInfo = EssentialFeed;
		};
		42DED8C92AE601130093EF6C /* PBXContainerItemProxy */ = {
			isa = PBXContainerItemProxy;
			containerPortal = 426367A72AD8652800950C17 /* Project object */;
			proxyType = 1;
			remoteGlobalIDString = 426367AF2AD8652800950C17;
			remoteInfo = EssentialFeed;
		};
		42FB00C82ADD9694001953DA /* PBXContainerItemProxy */ = {
			isa = PBXContainerItemProxy;
			containerPortal = 426367A72AD8652800950C17 /* Project object */;
			proxyType = 1;
			remoteGlobalIDString = 426367AF2AD8652800950C17;
			remoteInfo = EssentialFeed;
		};
		42FB00D72ADD9B11001953DA /* PBXContainerItemProxy */ = {
			isa = PBXContainerItemProxy;
			containerPortal = 426367A72AD8652800950C17 /* Project object */;
			proxyType = 1;
			remoteGlobalIDString = 426367AF2AD8652800950C17;
			remoteInfo = EssentialFeed;
		};
		42FB01112AE1BFF3001953DA /* PBXContainerItemProxy */ = {
			isa = PBXContainerItemProxy;
			containerPortal = 426367A72AD8652800950C17 /* Project object */;
			proxyType = 1;
			remoteGlobalIDString = 426367AF2AD8652800950C17;
			remoteInfo = EssentialFeed;
		};
/* End PBXContainerItemProxy section */

/* Begin PBXCopyFilesBuildPhase section */
		42DED8CB2AE601130093EF6C /* Embed Frameworks */ = {
			isa = PBXCopyFilesBuildPhase;
			buildActionMask = 2147483647;
			dstPath = "";
			dstSubfolderSpec = 10;
			files = (
				42DED8C82AE601130093EF6C /* EssentialFeed.framework in Embed Frameworks */,
			);
			name = "Embed Frameworks";
			runOnlyForDeploymentPostprocessing = 0;
		};
/* End PBXCopyFilesBuildPhase section */

/* Begin PBXFileReference section */
		424A6A192AE2FABC00B4F319 /* EssentialFeediOS.framework */ = {isa = PBXFileReference; explicitFileType = wrapper.framework; includeInIndex = 0; path = EssentialFeediOS.framework; sourceTree = BUILT_PRODUCTS_DIR; };
		424A6A202AE2FABC00B4F319 /* EssentialFeediOSTests.xctest */ = {isa = PBXFileReference; explicitFileType = wrapper.cfbundle; includeInIndex = 0; path = EssentialFeediOSTests.xctest; sourceTree = BUILT_PRODUCTS_DIR; };
		424A6A2E2AE2FB4200B4F319 /* EssentialFeediOS.xctestplan */ = {isa = PBXFileReference; lastKnownFileType = text; path = EssentialFeediOS.xctestplan; sourceTree = "<group>"; };
		424A6A3A2AE2FB9500B4F319 /* CI_ios.xctest */ = {isa = PBXFileReference; explicitFileType = wrapper.cfbundle; includeInIndex = 0; path = CI_ios.xctest; sourceTree = BUILT_PRODUCTS_DIR; };
		424A6A3B2AE2FBD800B4F319 /* CI_ios.xctestplan */ = {isa = PBXFileReference; lastKnownFileType = text; path = CI_ios.xctestplan; sourceTree = "<group>"; };
		426367B02AD8652800950C17 /* EssentialFeed.framework */ = {isa = PBXFileReference; explicitFileType = wrapper.framework; includeInIndex = 0; path = EssentialFeed.framework; sourceTree = BUILT_PRODUCTS_DIR; };
		426367B32AD8652800950C17 /* EssentialFeed.h */ = {isa = PBXFileReference; lastKnownFileType = sourcecode.c.h; path = EssentialFeed.h; sourceTree = "<group>"; };
		426367B82AD8652800950C17 /* EssentialFeedTests.xctest */ = {isa = PBXFileReference; explicitFileType = wrapper.cfbundle; includeInIndex = 0; path = EssentialFeedTests.xctest; sourceTree = BUILT_PRODUCTS_DIR; };
		426367BD2AD8652800950C17 /* EssentialFeedTests.swift */ = {isa = PBXFileReference; lastKnownFileType = sourcecode.swift; path = EssentialFeedTests.swift; sourceTree = "<group>"; };
		426367C82AD865F700950C17 /* FeedImage.swift */ = {isa = PBXFileReference; lastKnownFileType = sourcecode.swift; path = FeedImage.swift; sourceTree = "<group>"; };
		42DED8CC2AE6845F0093EF6C /* UITestHelpers.swift */ = {isa = PBXFileReference; lastKnownFileType = sourcecode.swift; path = UITestHelpers.swift; sourceTree = "<group>"; };
		42DED8CE2AE68B9B0093EF6C /* FeedViewController.swift */ = {isa = PBXFileReference; lastKnownFileType = sourcecode.swift; path = FeedViewController.swift; sourceTree = "<group>"; };
		42DED8D02AE68C810093EF6C /* FeedImageCell.swift */ = {isa = PBXFileReference; lastKnownFileType = sourcecode.swift; path = FeedImageCell.swift; sourceTree = "<group>"; };
		42DED8D22AE6920C0093EF6C /* UIView+Shimmering.swift */ = {isa = PBXFileReference; lastKnownFileType = sourcecode.swift; path = "UIView+Shimmering.swift"; sourceTree = "<group>"; };
		42DED8D72AE697F50093EF6C /* FeedViewControllerTestHelpers.swift */ = {isa = PBXFileReference; lastKnownFileType = sourcecode.swift; path = FeedViewControllerTestHelpers.swift; sourceTree = "<group>"; };
		42DED8D92AE6985D0093EF6C /* FeedImageCell+Helpers.swift */ = {isa = PBXFileReference; lastKnownFileType = sourcecode.swift; path = "FeedImageCell+Helpers.swift"; sourceTree = "<group>"; };
		42DED8DB2AE698B40093EF6C /* FeedViewControllerTests+Spy.swift */ = {isa = PBXFileReference; lastKnownFileType = sourcecode.swift; path = "FeedViewControllerTests+Spy.swift"; sourceTree = "<group>"; };
		42DED8DD2AE698FE0093EF6C /* FeedViewControllerTests+Helpers.swift */ = {isa = PBXFileReference; lastKnownFileType = sourcecode.swift; path = "FeedViewControllerTests+Helpers.swift"; sourceTree = "<group>"; };
		42E83D802AE5F114007E404B /* FeedViewControllerTests.swift */ = {isa = PBXFileReference; lastKnownFileType = sourcecode.swift; path = FeedViewControllerTests.swift; sourceTree = "<group>"; };
		42FB00BA2ADD5742001953DA /* URLSessionHTTPClientTests.swift */ = {isa = PBXFileReference; lastKnownFileType = sourcecode.swift; path = URLSessionHTTPClientTests.swift; sourceTree = "<group>"; };
		42FB00BC2ADD90F5001953DA /* URLSessionHTTPClient.swift */ = {isa = PBXFileReference; lastKnownFileType = sourcecode.swift; path = URLSessionHTTPClient.swift; sourceTree = "<group>"; };
		42FB00BE2ADD9262001953DA /* EssentialFeed.xctestplan */ = {isa = PBXFileReference; lastKnownFileType = text; path = EssentialFeed.xctestplan; sourceTree = "<group>"; };
		42FB00C32ADD9694001953DA /* EssentialFeedAPIEndToEndTests.xctest */ = {isa = PBXFileReference; explicitFileType = wrapper.cfbundle; includeInIndex = 0; path = EssentialFeedAPIEndToEndTests.xctest; sourceTree = BUILT_PRODUCTS_DIR; };
		42FB00C52ADD9694001953DA /* EssentialFeedAPIEndToEndTests.swift */ = {isa = PBXFileReference; lastKnownFileType = sourcecode.swift; path = EssentialFeedAPIEndToEndTests.swift; sourceTree = "<group>"; };
		42FB00D22ADD9B11001953DA /* CI_macos.xctest */ = {isa = PBXFileReference; explicitFileType = wrapper.cfbundle; includeInIndex = 0; path = CI_macos.xctest; sourceTree = BUILT_PRODUCTS_DIR; };
		42FB00D42ADD9B11001953DA /* CI.swift */ = {isa = PBXFileReference; lastKnownFileType = sourcecode.swift; path = CI.swift; sourceTree = "<group>"; };
		42FB00DC2ADD9B31001953DA /* CI_macos.xctestplan */ = {isa = PBXFileReference; lastKnownFileType = text; path = CI_macos.xctestplan; sourceTree = "<group>"; };
		42FB00DE2ADDB2EC001953DA /* CachedFeedUseCaseTests.swift */ = {isa = PBXFileReference; lastKnownFileType = sourcecode.swift; path = CachedFeedUseCaseTests.swift; sourceTree = "<group>"; };
		42FB00E02ADEDB85001953DA /* FeedStoreSpy.swift */ = {isa = PBXFileReference; lastKnownFileType = sourcecode.swift; path = FeedStoreSpy.swift; sourceTree = "<group>"; };
		42FB00E32ADEE3BA001953DA /* LocalFeedLoader.swift */ = {isa = PBXFileReference; lastKnownFileType = sourcecode.swift; path = LocalFeedLoader.swift; sourceTree = "<group>"; };
		42FB00E52ADEE3C6001953DA /* FeedStore.swift */ = {isa = PBXFileReference; lastKnownFileType = sourcecode.swift; path = FeedStore.swift; sourceTree = "<group>"; };
		42FB00E72ADEEB67001953DA /* LocalFeedImage.swift */ = {isa = PBXFileReference; lastKnownFileType = sourcecode.swift; path = LocalFeedImage.swift; sourceTree = "<group>"; };
		42FB00E92ADEF5AD001953DA /* LoadFeedFromCacheUseCaseTests.swift */ = {isa = PBXFileReference; lastKnownFileType = sourcecode.swift; path = LoadFeedFromCacheUseCaseTests.swift; sourceTree = "<group>"; };
		42FB00EB2AE04C62001953DA /* Date+Helpers.swift */ = {isa = PBXFileReference; lastKnownFileType = sourcecode.swift; path = "Date+Helpers.swift"; sourceTree = "<group>"; };
		42FB00ED2AE1640C001953DA /* ValidateCacheUseCaseTests.swift */ = {isa = PBXFileReference; lastKnownFileType = sourcecode.swift; path = ValidateCacheUseCaseTests.swift; sourceTree = "<group>"; };
		42FB00EF2AE16D2C001953DA /* FeedCachePolicy.swift */ = {isa = PBXFileReference; lastKnownFileType = sourcecode.swift; path = FeedCachePolicy.swift; sourceTree = "<group>"; };
		42FB00F52AE18CE7001953DA /* FeedStoreSpecs.swift */ = {isa = PBXFileReference; lastKnownFileType = sourcecode.swift; path = FeedStoreSpecs.swift; sourceTree = "<group>"; };
		42FB00F72AE18D4C001953DA /* XCTestCase+FeedStoreSpecs.swift */ = {isa = PBXFileReference; lastKnownFileType = sourcecode.swift; path = "XCTestCase+FeedStoreSpecs.swift"; sourceTree = "<group>"; };
		42FB00F92AE19566001953DA /* XCTestCase+FailableDeleteFeedStoreSpecs.swift */ = {isa = PBXFileReference; lastKnownFileType = sourcecode.swift; path = "XCTestCase+FailableDeleteFeedStoreSpecs.swift"; sourceTree = "<group>"; };
		42FB00FB2AE1958E001953DA /* XCTestCase+FailableInsertFeedStoreSpecs.swift */ = {isa = PBXFileReference; lastKnownFileType = sourcecode.swift; path = "XCTestCase+FailableInsertFeedStoreSpecs.swift"; sourceTree = "<group>"; };
		42FB00FD2AE195AB001953DA /* XCTestCase+FailableRetrieveFeedStoreSpecs.swift */ = {isa = PBXFileReference; lastKnownFileType = sourcecode.swift; path = "XCTestCase+FailableRetrieveFeedStoreSpecs.swift"; sourceTree = "<group>"; };
		42FB01002AE1ACC6001953DA /* CoreDataFeedStoreTests.swift */ = {isa = PBXFileReference; lastKnownFileType = sourcecode.swift; path = CoreDataFeedStoreTests.swift; sourceTree = "<group>"; };
		42FB01022AE1AD06001953DA /* CoreDataFeedStore.swift */ = {isa = PBXFileReference; lastKnownFileType = sourcecode.swift; path = CoreDataFeedStore.swift; sourceTree = "<group>"; };
		42FB01052AE1ADE4001953DA /* FeedStore.xcdatamodel */ = {isa = PBXFileReference; lastKnownFileType = wrapper.xcdatamodel; path = FeedStore.xcdatamodel; sourceTree = "<group>"; };
		42FB010C2AE1BFF3001953DA /* EssentialFeedCacheIntegrationTests.xctest */ = {isa = PBXFileReference; explicitFileType = wrapper.cfbundle; includeInIndex = 0; path = EssentialFeedCacheIntegrationTests.xctest; sourceTree = BUILT_PRODUCTS_DIR; };
		42FB010E2AE1BFF3001953DA /* EssentialFeedCacheIntegrationTests.swift */ = {isa = PBXFileReference; lastKnownFileType = sourcecode.swift; path = EssentialFeedCacheIntegrationTests.swift; sourceTree = "<group>"; };
		42FEA06A2AD8669800D9B7E2 /* FeedLoader.swift */ = {isa = PBXFileReference; lastKnownFileType = sourcecode.swift; path = FeedLoader.swift; sourceTree = "<group>"; };
		42FEA06E2AD867BB00D9B7E2 /* LoadFeedFromRemoteUseCaseTests.swift */ = {isa = PBXFileReference; lastKnownFileType = sourcecode.swift; path = LoadFeedFromRemoteUseCaseTests.swift; sourceTree = "<group>"; };
		42FEA0712AD98CC700D9B7E2 /* RemoteFeedLoader.swift */ = {isa = PBXFileReference; lastKnownFileType = sourcecode.swift; path = RemoteFeedLoader.swift; sourceTree = "<group>"; };
		42FEA0732AD98CE500D9B7E2 /* HTTPClient.swift */ = {isa = PBXFileReference; lastKnownFileType = sourcecode.swift; path = HTTPClient.swift; sourceTree = "<group>"; };
		42FEA0752AD9CC3900D9B7E2 /* FeedItemsMapper.swift */ = {isa = PBXFileReference; lastKnownFileType = sourcecode.swift; path = FeedItemsMapper.swift; sourceTree = "<group>"; };
		42FEA0772AD9CC5E00D9B7E2 /* HTTPClientSpy.swift */ = {isa = PBXFileReference; lastKnownFileType = sourcecode.swift; path = HTTPClientSpy.swift; sourceTree = "<group>"; };
		42FEA0792AD9CE2500D9B7E2 /* XCTestCase+Helpers.swift */ = {isa = PBXFileReference; lastKnownFileType = sourcecode.swift; path = "XCTestCase+Helpers.swift"; sourceTree = "<group>"; };
/* End PBXFileReference section */

/* Begin PBXFrameworksBuildPhase section */
		424A6A162AE2FABC00B4F319 /* Frameworks */ = {
			isa = PBXFrameworksBuildPhase;
			buildActionMask = 2147483647;
			files = (
				42DED8C72AE601130093EF6C /* EssentialFeed.framework in Frameworks */,
			);
			runOnlyForDeploymentPostprocessing = 0;
		};
		424A6A1D2AE2FABC00B4F319 /* Frameworks */ = {
			isa = PBXFrameworksBuildPhase;
			buildActionMask = 2147483647;
			files = (
				424A6A212AE2FABC00B4F319 /* EssentialFeediOS.framework in Frameworks */,
			);
			runOnlyForDeploymentPostprocessing = 0;
		};
		424A6A342AE2FB9500B4F319 /* Frameworks */ = {
			isa = PBXFrameworksBuildPhase;
			buildActionMask = 2147483647;
			files = (
				424A6A352AE2FB9500B4F319 /* EssentialFeed.framework in Frameworks */,
			);
			runOnlyForDeploymentPostprocessing = 0;
		};
		426367AD2AD8652800950C17 /* Frameworks */ = {
			isa = PBXFrameworksBuildPhase;
			buildActionMask = 2147483647;
			files = (
			);
			runOnlyForDeploymentPostprocessing = 0;
		};
		426367B52AD8652800950C17 /* Frameworks */ = {
			isa = PBXFrameworksBuildPhase;
			buildActionMask = 2147483647;
			files = (
				426367B92AD8652800950C17 /* EssentialFeed.framework in Frameworks */,
			);
			runOnlyForDeploymentPostprocessing = 0;
		};
		42FB00C02ADD9694001953DA /* Frameworks */ = {
			isa = PBXFrameworksBuildPhase;
			buildActionMask = 2147483647;
			files = (
				42FB00C72ADD9694001953DA /* EssentialFeed.framework in Frameworks */,
			);
			runOnlyForDeploymentPostprocessing = 0;
		};
		42FB00CF2ADD9B11001953DA /* Frameworks */ = {
			isa = PBXFrameworksBuildPhase;
			buildActionMask = 2147483647;
			files = (
				42FB00D62ADD9B11001953DA /* EssentialFeed.framework in Frameworks */,
			);
			runOnlyForDeploymentPostprocessing = 0;
		};
		42FB01092AE1BFF3001953DA /* Frameworks */ = {
			isa = PBXFrameworksBuildPhase;
			buildActionMask = 2147483647;
			files = (
				42FB01102AE1BFF3001953DA /* EssentialFeed.framework in Frameworks */,
			);
			runOnlyForDeploymentPostprocessing = 0;
		};
/* End PBXFrameworksBuildPhase section */

/* Begin PBXGroup section */
		424A6A1A2AE2FABC00B4F319 /* EssentialFeediOS */ = {
			isa = PBXGroup;
			children = (
				42DED8D62AE697B40093EF6C /* Views */,
				42DED8D52AE697A50093EF6C /* Controllers */,
			);
			path = EssentialFeediOS;
			sourceTree = "<group>";
		};
		424A6A242AE2FABC00B4F319 /* EssentialFeediOSTests */ = {
			isa = PBXGroup;
			children = (
				42DED8D42AE697920093EF6C /* Controllers */,
				42DED8CC2AE6845F0093EF6C /* UITestHelpers.swift */,
				42DED8D92AE6985D0093EF6C /* FeedImageCell+Helpers.swift */,
			);
			path = EssentialFeediOSTests;
			sourceTree = "<group>";
		};
		426367A62AD8652800950C17 = {
			isa = PBXGroup;
			children = (
				424A6A3B2AE2FBD800B4F319 /* CI_ios.xctestplan */,
				424A6A2E2AE2FB4200B4F319 /* EssentialFeediOS.xctestplan */,
				42FB00DC2ADD9B31001953DA /* CI_macos.xctestplan */,
				42FB00BE2ADD9262001953DA /* EssentialFeed.xctestplan */,
				426367B22AD8652800950C17 /* EssentialFeed */,
				426367BC2AD8652800950C17 /* EssentialFeedTests */,
				42FB00C42ADD9694001953DA /* EssentialFeedAPIEndToEndTests */,
				42FB00D32ADD9B11001953DA /* CI */,
				42FB010D2AE1BFF3001953DA /* EssentialFeedCacheIntegrationTests */,
				424A6A1A2AE2FABC00B4F319 /* EssentialFeediOS */,
				424A6A242AE2FABC00B4F319 /* EssentialFeediOSTests */,
				426367B12AD8652800950C17 /* Products */,
				42DED8C62AE601130093EF6C /* Frameworks */,
			);
			sourceTree = "<group>";
		};
		426367B12AD8652800950C17 /* Products */ = {
			isa = PBXGroup;
			children = (
				426367B02AD8652800950C17 /* EssentialFeed.framework */,
				426367B82AD8652800950C17 /* EssentialFeedTests.xctest */,
				42FB00C32ADD9694001953DA /* EssentialFeedAPIEndToEndTests.xctest */,
				42FB00D22ADD9B11001953DA /* CI_macos.xctest */,
				42FB010C2AE1BFF3001953DA /* EssentialFeedCacheIntegrationTests.xctest */,
				424A6A192AE2FABC00B4F319 /* EssentialFeediOS.framework */,
				424A6A202AE2FABC00B4F319 /* EssentialFeediOSTests.xctest */,
				424A6A3A2AE2FB9500B4F319 /* CI_ios.xctest */,
			);
			name = Products;
			sourceTree = "<group>";
		};
		426367B22AD8652800950C17 /* EssentialFeed */ = {
			isa = PBXGroup;
			children = (
				42FB00E22ADEE3A9001953DA /* FeedCache */,
				42FEA0702AD98CB300D9B7E2 /* FeedAPI */,
				42FEA06C2AD8673000D9B7E2 /* FeedFeature */,
				426367B32AD8652800950C17 /* EssentialFeed.h */,
			);
			path = EssentialFeed;
			sourceTree = "<group>";
		};
		426367BC2AD8652800950C17 /* EssentialFeedTests */ = {
			isa = PBXGroup;
			children = (
				42FB00DD2ADDB2DC001953DA /* FeedCache */,
				42FB00B92ADD5733001953DA /* FeedAPI */,
				42FEA06D2AD867A300D9B7E2 /* FeedFeature */,
				426367BD2AD8652800950C17 /* EssentialFeedTests.swift */,
				42FEA0792AD9CE2500D9B7E2 /* XCTestCase+Helpers.swift */,
			);
			path = EssentialFeedTests;
			sourceTree = "<group>";
		};
		42DED8C62AE601130093EF6C /* Frameworks */ = {
			isa = PBXGroup;
			children = (
			);
			name = Frameworks;
			sourceTree = "<group>";
		};
		42DED8D42AE697920093EF6C /* Controllers */ = {
			isa = PBXGroup;
			children = (
				42E83D802AE5F114007E404B /* FeedViewControllerTests.swift */,
				42DED8D72AE697F50093EF6C /* FeedViewControllerTestHelpers.swift */,
				42DED8DB2AE698B40093EF6C /* FeedViewControllerTests+Spy.swift */,
				42DED8DD2AE698FE0093EF6C /* FeedViewControllerTests+Helpers.swift */,
			);
			path = Controllers;
			sourceTree = "<group>";
		};
		42DED8D52AE697A50093EF6C /* Controllers */ = {
			isa = PBXGroup;
			children = (
				42DED8CE2AE68B9B0093EF6C /* FeedViewController.swift */,
			);
			path = Controllers;
			sourceTree = "<group>";
		};
		42DED8D62AE697B40093EF6C /* Views */ = {
			isa = PBXGroup;
			children = (
				42DED8D02AE68C810093EF6C /* FeedImageCell.swift */,
				42DED8D22AE6920C0093EF6C /* UIView+Shimmering.swift */,
			);
			path = Views;
			sourceTree = "<group>";
		};
		42FB00B92ADD5733001953DA /* FeedAPI */ = {
			isa = PBXGroup;
			children = (
				42FB00BA2ADD5742001953DA /* URLSessionHTTPClientTests.swift */,
			);
			path = FeedAPI;
			sourceTree = "<group>";
		};
		42FB00C42ADD9694001953DA /* EssentialFeedAPIEndToEndTests */ = {
			isa = PBXGroup;
			children = (
				42FB00C52ADD9694001953DA /* EssentialFeedAPIEndToEndTests.swift */,
			);
			path = EssentialFeedAPIEndToEndTests;
			sourceTree = "<group>";
		};
		42FB00D32ADD9B11001953DA /* CI */ = {
			isa = PBXGroup;
			children = (
				42FB00D42ADD9B11001953DA /* CI.swift */,
			);
			path = CI;
			sourceTree = "<group>";
		};
		42FB00DD2ADDB2DC001953DA /* FeedCache */ = {
			isa = PBXGroup;
			children = (
				42FB00DE2ADDB2EC001953DA /* CachedFeedUseCaseTests.swift */,
				42FB00E02ADEDB85001953DA /* FeedStoreSpy.swift */,
				42FB00E92ADEF5AD001953DA /* LoadFeedFromCacheUseCaseTests.swift */,
				42FB00ED2AE1640C001953DA /* ValidateCacheUseCaseTests.swift */,
				42FB00FF2AE195BD001953DA /* Specs */,
				42FB01002AE1ACC6001953DA /* CoreDataFeedStoreTests.swift */,
			);
			path = FeedCache;
			sourceTree = "<group>";
		};
		42FB00E22ADEE3A9001953DA /* FeedCache */ = {
			isa = PBXGroup;
			children = (
				42FB01072AE1B756001953DA /* Core Data */,
				42FB00E32ADEE3BA001953DA /* LocalFeedLoader.swift */,
				42FB00E52ADEE3C6001953DA /* FeedStore.swift */,
				42FB00E72ADEEB67001953DA /* LocalFeedImage.swift */,
				42FB00EB2AE04C62001953DA /* Date+Helpers.swift */,
				42FB00EF2AE16D2C001953DA /* FeedCachePolicy.swift */,
			);
			path = FeedCache;
			sourceTree = "<group>";
		};
		42FB00FF2AE195BD001953DA /* Specs */ = {
			isa = PBXGroup;
			children = (
				42FB00F52AE18CE7001953DA /* FeedStoreSpecs.swift */,
				42FB00F72AE18D4C001953DA /* XCTestCase+FeedStoreSpecs.swift */,
				42FB00F92AE19566001953DA /* XCTestCase+FailableDeleteFeedStoreSpecs.swift */,
				42FB00FB2AE1958E001953DA /* XCTestCase+FailableInsertFeedStoreSpecs.swift */,
				42FB00FD2AE195AB001953DA /* XCTestCase+FailableRetrieveFeedStoreSpecs.swift */,
			);
			path = Specs;
			sourceTree = "<group>";
		};
		42FB01072AE1B756001953DA /* Core Data */ = {
			isa = PBXGroup;
			children = (
				42FB01022AE1AD06001953DA /* CoreDataFeedStore.swift */,
				42FB01042AE1ADE4001953DA /* FeedStore.xcdatamodeld */,
			);
			path = "Core Data";
			sourceTree = "<group>";
		};
		42FB010D2AE1BFF3001953DA /* EssentialFeedCacheIntegrationTests */ = {
			isa = PBXGroup;
			children = (
				42FB010E2AE1BFF3001953DA /* EssentialFeedCacheIntegrationTests.swift */,
			);
			path = EssentialFeedCacheIntegrationTests;
			sourceTree = "<group>";
		};
		42FEA06C2AD8673000D9B7E2 /* FeedFeature */ = {
			isa = PBXGroup;
			children = (
				426367C82AD865F700950C17 /* FeedImage.swift */,
				42FEA06A2AD8669800D9B7E2 /* FeedLoader.swift */,
			);
			path = FeedFeature;
			sourceTree = "<group>";
		};
		42FEA06D2AD867A300D9B7E2 /* FeedFeature */ = {
			isa = PBXGroup;
			children = (
				42FEA06E2AD867BB00D9B7E2 /* LoadFeedFromRemoteUseCaseTests.swift */,
				42FEA0772AD9CC5E00D9B7E2 /* HTTPClientSpy.swift */,
			);
			path = FeedFeature;
			sourceTree = "<group>";
		};
		42FEA0702AD98CB300D9B7E2 /* FeedAPI */ = {
			isa = PBXGroup;
			children = (
				42FB00BC2ADD90F5001953DA /* URLSessionHTTPClient.swift */,
				42FEA0712AD98CC700D9B7E2 /* RemoteFeedLoader.swift */,
				42FEA0732AD98CE500D9B7E2 /* HTTPClient.swift */,
				42FEA0752AD9CC3900D9B7E2 /* FeedItemsMapper.swift */,
			);
			path = FeedAPI;
			sourceTree = "<group>";
		};
/* End PBXGroup section */

/* Begin PBXHeadersBuildPhase section */
		424A6A142AE2FABC00B4F319 /* Headers */ = {
			isa = PBXHeadersBuildPhase;
			buildActionMask = 2147483647;
			files = (
			);
			runOnlyForDeploymentPostprocessing = 0;
		};
		426367AB2AD8652800950C17 /* Headers */ = {
			isa = PBXHeadersBuildPhase;
			buildActionMask = 2147483647;
			files = (
				426367BF2AD8652800950C17 /* EssentialFeed.h in Headers */,
			);
			runOnlyForDeploymentPostprocessing = 0;
		};
/* End PBXHeadersBuildPhase section */

/* Begin PBXNativeTarget section */
		424A6A182AE2FABC00B4F319 /* EssentialFeediOS */ = {
			isa = PBXNativeTarget;
			buildConfigurationList = 424A6A282AE2FABC00B4F319 /* Build configuration list for PBXNativeTarget "EssentialFeediOS" */;
			buildPhases = (
				424A6A142AE2FABC00B4F319 /* Headers */,
				424A6A152AE2FABC00B4F319 /* Sources */,
				424A6A162AE2FABC00B4F319 /* Frameworks */,
				424A6A172AE2FABC00B4F319 /* Resources */,
				42DED8CB2AE601130093EF6C /* Embed Frameworks */,
			);
			buildRules = (
			);
			dependencies = (
				42DED8CA2AE601130093EF6C /* PBXTargetDependency */,
			);
			name = EssentialFeediOS;
			productName = EssentialFeediOS;
			productReference = 424A6A192AE2FABC00B4F319 /* EssentialFeediOS.framework */;
			productType = "com.apple.product-type.framework";
		};
		424A6A1F2AE2FABC00B4F319 /* EssentialFeediOSTests */ = {
			isa = PBXNativeTarget;
			buildConfigurationList = 424A6A2B2AE2FABC00B4F319 /* Build configuration list for PBXNativeTarget "EssentialFeediOSTests" */;
			buildPhases = (
				424A6A1C2AE2FABC00B4F319 /* Sources */,
				424A6A1D2AE2FABC00B4F319 /* Frameworks */,
				424A6A1E2AE2FABC00B4F319 /* Resources */,
			);
			buildRules = (
			);
			dependencies = (
				424A6A232AE2FABC00B4F319 /* PBXTargetDependency */,
			);
			name = EssentialFeediOSTests;
			productName = EssentialFeediOSTests;
			productReference = 424A6A202AE2FABC00B4F319 /* EssentialFeediOSTests.xctest */;
			productType = "com.apple.product-type.bundle.unit-test";
		};
		424A6A2F2AE2FB9500B4F319 /* CI_ios */ = {
			isa = PBXNativeTarget;
			buildConfigurationList = 424A6A372AE2FB9500B4F319 /* Build configuration list for PBXNativeTarget "CI_ios" */;
			buildPhases = (
				424A6A322AE2FB9500B4F319 /* Sources */,
				424A6A342AE2FB9500B4F319 /* Frameworks */,
				424A6A362AE2FB9500B4F319 /* Resources */,
			);
			buildRules = (
			);
			dependencies = (
				424A6A302AE2FB9500B4F319 /* PBXTargetDependency */,
			);
			name = CI_ios;
			productName = CI;
			productReference = 424A6A3A2AE2FB9500B4F319 /* CI_ios.xctest */;
			productType = "com.apple.product-type.bundle.unit-test";
		};
		426367AF2AD8652800950C17 /* EssentialFeed */ = {
			isa = PBXNativeTarget;
			buildConfigurationList = 426367C22AD8652800950C17 /* Build configuration list for PBXNativeTarget "EssentialFeed" */;
			buildPhases = (
				426367AB2AD8652800950C17 /* Headers */,
				426367AC2AD8652800950C17 /* Sources */,
				426367AD2AD8652800950C17 /* Frameworks */,
				426367AE2AD8652800950C17 /* Resources */,
			);
			buildRules = (
			);
			dependencies = (
			);
			name = EssentialFeed;
			productName = EssentialFeed;
			productReference = 426367B02AD8652800950C17 /* EssentialFeed.framework */;
			productType = "com.apple.product-type.framework";
		};
		426367B72AD8652800950C17 /* EssentialFeedTests */ = {
			isa = PBXNativeTarget;
			buildConfigurationList = 426367C52AD8652800950C17 /* Build configuration list for PBXNativeTarget "EssentialFeedTests" */;
			buildPhases = (
				426367B42AD8652800950C17 /* Sources */,
				426367B52AD8652800950C17 /* Frameworks */,
				426367B62AD8652800950C17 /* Resources */,
			);
			buildRules = (
			);
			dependencies = (
				426367BB2AD8652800950C17 /* PBXTargetDependency */,
			);
			name = EssentialFeedTests;
			productName = EssentialFeedTests;
			productReference = 426367B82AD8652800950C17 /* EssentialFeedTests.xctest */;
			productType = "com.apple.product-type.bundle.unit-test";
		};
		42FB00C22ADD9694001953DA /* EssentialFeedAPIEndToEndTests */ = {
			isa = PBXNativeTarget;
			buildConfigurationList = 42FB00CA2ADD9694001953DA /* Build configuration list for PBXNativeTarget "EssentialFeedAPIEndToEndTests" */;
			buildPhases = (
				42FB00BF2ADD9694001953DA /* Sources */,
				42FB00C02ADD9694001953DA /* Frameworks */,
				42FB00C12ADD9694001953DA /* Resources */,
			);
			buildRules = (
			);
			dependencies = (
				42FB00C92ADD9694001953DA /* PBXTargetDependency */,
			);
			name = EssentialFeedAPIEndToEndTests;
			productName = EssentialFeedAPIEndToEndTests;
			productReference = 42FB00C32ADD9694001953DA /* EssentialFeedAPIEndToEndTests.xctest */;
			productType = "com.apple.product-type.bundle.unit-test";
		};
		42FB00D12ADD9B11001953DA /* CI_macos */ = {
			isa = PBXNativeTarget;
			buildConfigurationList = 42FB00D92ADD9B11001953DA /* Build configuration list for PBXNativeTarget "CI_macos" */;
			buildPhases = (
				42FB00CE2ADD9B11001953DA /* Sources */,
				42FB00CF2ADD9B11001953DA /* Frameworks */,
				42FB00D02ADD9B11001953DA /* Resources */,
			);
			buildRules = (
			);
			dependencies = (
				42FB00D82ADD9B11001953DA /* PBXTargetDependency */,
			);
			name = CI_macos;
			productName = CI;
			productReference = 42FB00D22ADD9B11001953DA /* CI_macos.xctest */;
			productType = "com.apple.product-type.bundle.unit-test";
		};
		42FB010B2AE1BFF3001953DA /* EssentialFeedCacheIntegrationTests */ = {
			isa = PBXNativeTarget;
			buildConfigurationList = 42FB01132AE1BFF3001953DA /* Build configuration list for PBXNativeTarget "EssentialFeedCacheIntegrationTests" */;
			buildPhases = (
				42FB01082AE1BFF3001953DA /* Sources */,
				42FB01092AE1BFF3001953DA /* Frameworks */,
				42FB010A2AE1BFF3001953DA /* Resources */,
			);
			buildRules = (
			);
			dependencies = (
				42FB01122AE1BFF3001953DA /* PBXTargetDependency */,
			);
			name = EssentialFeedCacheIntegrationTests;
			productName = EssentialFeedCacheIntegrationTests;
			productReference = 42FB010C2AE1BFF3001953DA /* EssentialFeedCacheIntegrationTests.xctest */;
			productType = "com.apple.product-type.bundle.unit-test";
		};
/* End PBXNativeTarget section */

/* Begin PBXProject section */
		426367A72AD8652800950C17 /* Project object */ = {
			isa = PBXProject;
			attributes = {
				BuildIndependentTargetsInParallel = 1;
				LastSwiftUpdateCheck = 1500;
				LastUpgradeCheck = 1500;
				TargetAttributes = {
					424A6A182AE2FABC00B4F319 = {
						CreatedOnToolsVersion = 15.0;
						LastSwiftMigration = 1500;
					};
					424A6A1F2AE2FABC00B4F319 = {
						CreatedOnToolsVersion = 15.0;
						LastSwiftMigration = 1500;
					};
					426367AF2AD8652800950C17 = {
						CreatedOnToolsVersion = 15.0;
						LastSwiftMigration = 1500;
					};
					426367B72AD8652800950C17 = {
						CreatedOnToolsVersion = 15.0;
					};
					42FB00C22ADD9694001953DA = {
						CreatedOnToolsVersion = 15.0;
					};
					42FB00D12ADD9B11001953DA = {
						CreatedOnToolsVersion = 15.0;
					};
					42FB010B2AE1BFF3001953DA = {
						CreatedOnToolsVersion = 15.0;
					};
				};
			};
			buildConfigurationList = 426367AA2AD8652800950C17 /* Build configuration list for PBXProject "EssentialFeed" */;
			compatibilityVersion = "Xcode 14.0";
			developmentRegion = en;
			hasScannedForEncodings = 0;
			knownRegions = (
				en,
				Base,
			);
			mainGroup = 426367A62AD8652800950C17;
			productRefGroup = 426367B12AD8652800950C17 /* Products */;
			projectDirPath = "";
			projectRoot = "";
			targets = (
				426367AF2AD8652800950C17 /* EssentialFeed */,
				426367B72AD8652800950C17 /* EssentialFeedTests */,
				42FB00C22ADD9694001953DA /* EssentialFeedAPIEndToEndTests */,
				42FB00D12ADD9B11001953DA /* CI_macos */,
				42FB010B2AE1BFF3001953DA /* EssentialFeedCacheIntegrationTests */,
				424A6A182AE2FABC00B4F319 /* EssentialFeediOS */,
				424A6A1F2AE2FABC00B4F319 /* EssentialFeediOSTests */,
				424A6A2F2AE2FB9500B4F319 /* CI_ios */,
			);
		};
/* End PBXProject section */

/* Begin PBXResourcesBuildPhase section */
		424A6A172AE2FABC00B4F319 /* Resources */ = {
			isa = PBXResourcesBuildPhase;
			buildActionMask = 2147483647;
			files = (
			);
			runOnlyForDeploymentPostprocessing = 0;
		};
		424A6A1E2AE2FABC00B4F319 /* Resources */ = {
			isa = PBXResourcesBuildPhase;
			buildActionMask = 2147483647;
			files = (
			);
			runOnlyForDeploymentPostprocessing = 0;
		};
		424A6A362AE2FB9500B4F319 /* Resources */ = {
			isa = PBXResourcesBuildPhase;
			buildActionMask = 2147483647;
			files = (
			);
			runOnlyForDeploymentPostprocessing = 0;
		};
		426367AE2AD8652800950C17 /* Resources */ = {
			isa = PBXResourcesBuildPhase;
			buildActionMask = 2147483647;
			files = (
			);
			runOnlyForDeploymentPostprocessing = 0;
		};
		426367B62AD8652800950C17 /* Resources */ = {
			isa = PBXResourcesBuildPhase;
			buildActionMask = 2147483647;
			files = (
			);
			runOnlyForDeploymentPostprocessing = 0;
		};
		42FB00C12ADD9694001953DA /* Resources */ = {
			isa = PBXResourcesBuildPhase;
			buildActionMask = 2147483647;
			files = (
			);
			runOnlyForDeploymentPostprocessing = 0;
		};
		42FB00D02ADD9B11001953DA /* Resources */ = {
			isa = PBXResourcesBuildPhase;
			buildActionMask = 2147483647;
			files = (
			);
			runOnlyForDeploymentPostprocessing = 0;
		};
		42FB010A2AE1BFF3001953DA /* Resources */ = {
			isa = PBXResourcesBuildPhase;
			buildActionMask = 2147483647;
			files = (
			);
			runOnlyForDeploymentPostprocessing = 0;
		};
/* End PBXResourcesBuildPhase section */

/* Begin PBXSourcesBuildPhase section */
		424A6A152AE2FABC00B4F319 /* Sources */ = {
			isa = PBXSourcesBuildPhase;
			buildActionMask = 2147483647;
			files = (
				42DED8D32AE6920C0093EF6C /* UIView+Shimmering.swift in Sources */,
				42DED8CF2AE68B9B0093EF6C /* FeedViewController.swift in Sources */,
				42DED8D12AE68C810093EF6C /* FeedImageCell.swift in Sources */,
			);
			runOnlyForDeploymentPostprocessing = 0;
		};
		424A6A1C2AE2FABC00B4F319 /* Sources */ = {
			isa = PBXSourcesBuildPhase;
			buildActionMask = 2147483647;
			files = (
				42DED8DA2AE6985D0093EF6C /* FeedImageCell+Helpers.swift in Sources */,
				42DED8DC2AE698B40093EF6C /* FeedViewControllerTests+Spy.swift in Sources */,
				42DED8D82AE697F50093EF6C /* FeedViewControllerTestHelpers.swift in Sources */,
				42E83D822AE5F23A007E404B /* XCTestCase+Helpers.swift in Sources */,
				42DED8DE2AE698FE0093EF6C /* FeedViewControllerTests+Helpers.swift in Sources */,
				42DED8CD2AE6845F0093EF6C /* UITestHelpers.swift in Sources */,
				42E83D812AE5F114007E404B /* FeedViewControllerTests.swift in Sources */,
			);
			runOnlyForDeploymentPostprocessing = 0;
		};
		424A6A322AE2FB9500B4F319 /* Sources */ = {
			isa = PBXSourcesBuildPhase;
			buildActionMask = 2147483647;
			files = (
				42E83D832AE6002F007E404B /* XCTestCase+Helpers.swift in Sources */,
				424A6A332AE2FB9500B4F319 /* CI.swift in Sources */,
			);
			runOnlyForDeploymentPostprocessing = 0;
		};
		426367AC2AD8652800950C17 /* Sources */ = {
			isa = PBXSourcesBuildPhase;
			buildActionMask = 2147483647;
			files = (
				42FEA0762AD9CC3900D9B7E2 /* FeedItemsMapper.swift in Sources */,
				42FEA06B2AD8669800D9B7E2 /* FeedLoader.swift in Sources */,
				42FEA0722AD98CC700D9B7E2 /* RemoteFeedLoader.swift in Sources */,
				42FB00F02AE16D2C001953DA /* FeedCachePolicy.swift in Sources */,
				42FB00E62ADEE3C6001953DA /* FeedStore.swift in Sources */,
				42FB01062AE1ADE4001953DA /* FeedStore.xcdatamodeld in Sources */,
				42FB00E82ADEEB67001953DA /* LocalFeedImage.swift in Sources */,
				42FB00E42ADEE3BA001953DA /* LocalFeedLoader.swift in Sources */,
				42FEA0742AD98CE500D9B7E2 /* HTTPClient.swift in Sources */,
				426367C92AD865F700950C17 /* FeedImage.swift in Sources */,
				42FB00BD2ADD90F5001953DA /* URLSessionHTTPClient.swift in Sources */,
				42FB00EC2AE04C62001953DA /* Date+Helpers.swift in Sources */,
				42FB01032AE1AD06001953DA /* CoreDataFeedStore.swift in Sources */,
			);
			runOnlyForDeploymentPostprocessing = 0;
		};
		426367B42AD8652800950C17 /* Sources */ = {
			isa = PBXSourcesBuildPhase;
			buildActionMask = 2147483647;
			files = (
				42FB00FA2AE19566001953DA /* XCTestCase+FailableDeleteFeedStoreSpecs.swift in Sources */,
				42FEA07A2AD9CE2500D9B7E2 /* XCTestCase+Helpers.swift in Sources */,
				42FB00DF2ADDB2EC001953DA /* CachedFeedUseCaseTests.swift in Sources */,
				42FB00FC2AE1958E001953DA /* XCTestCase+FailableInsertFeedStoreSpecs.swift in Sources */,
				42FEA06F2AD867BB00D9B7E2 /* LoadFeedFromRemoteUseCaseTests.swift in Sources */,
				42FB00BB2ADD5742001953DA /* URLSessionHTTPClientTests.swift in Sources */,
				42FB00FE2AE195AB001953DA /* XCTestCase+FailableRetrieveFeedStoreSpecs.swift in Sources */,
				42FB00EE2AE1640C001953DA /* ValidateCacheUseCaseTests.swift in Sources */,
				42FB00E12ADEDB86001953DA /* FeedStoreSpy.swift in Sources */,
				42FEA0782AD9CC5E00D9B7E2 /* HTTPClientSpy.swift in Sources */,
				42FB00EA2ADEF5AD001953DA /* LoadFeedFromCacheUseCaseTests.swift in Sources */,
				42FB00F62AE18CE7001953DA /* FeedStoreSpecs.swift in Sources */,
				426367BE2AD8652800950C17 /* EssentialFeedTests.swift in Sources */,
				42FB01012AE1ACC6001953DA /* CoreDataFeedStoreTests.swift in Sources */,
				42FB00F82AE18D4C001953DA /* XCTestCase+FeedStoreSpecs.swift in Sources */,
			);
			runOnlyForDeploymentPostprocessing = 0;
		};
		42FB00BF2ADD9694001953DA /* Sources */ = {
			isa = PBXSourcesBuildPhase;
			buildActionMask = 2147483647;
			files = (
				42FB00CD2ADD9952001953DA /* XCTestCase+Helpers.swift in Sources */,
				42FB00C62ADD9694001953DA /* EssentialFeedAPIEndToEndTests.swift in Sources */,
			);
			runOnlyForDeploymentPostprocessing = 0;
		};
		42FB00CE2ADD9B11001953DA /* Sources */ = {
			isa = PBXSourcesBuildPhase;
			buildActionMask = 2147483647;
			files = (
				42E83D842AE60031007E404B /* XCTestCase+Helpers.swift in Sources */,
				42FB00D52ADD9B11001953DA /* CI.swift in Sources */,
			);
			runOnlyForDeploymentPostprocessing = 0;
		};
		42FB01082AE1BFF3001953DA /* Sources */ = {
			isa = PBXSourcesBuildPhase;
			buildActionMask = 2147483647;
			files = (
				42FB01162AE1C0CB001953DA /* XCTestCase+Helpers.swift in Sources */,
				42FB010F2AE1BFF3001953DA /* EssentialFeedCacheIntegrationTests.swift in Sources */,
			);
			runOnlyForDeploymentPostprocessing = 0;
		};
/* End PBXSourcesBuildPhase section */

/* Begin PBXTargetDependency section */
		424A6A232AE2FABC00B4F319 /* PBXTargetDependency */ = {
			isa = PBXTargetDependency;
			target = 424A6A182AE2FABC00B4F319 /* EssentialFeediOS */;
			targetProxy = 424A6A222AE2FABC00B4F319 /* PBXContainerItemProxy */;
		};
		424A6A302AE2FB9500B4F319 /* PBXTargetDependency */ = {
			isa = PBXTargetDependency;
			platformFilter = ios;
			target = 426367AF2AD8652800950C17 /* EssentialFeed */;
			targetProxy = 424A6A312AE2FB9500B4F319 /* PBXContainerItemProxy */;
		};
		426367BB2AD8652800950C17 /* PBXTargetDependency */ = {
			isa = PBXTargetDependency;
			target = 426367AF2AD8652800950C17 /* EssentialFeed */;
			targetProxy = 426367BA2AD8652800950C17 /* PBXContainerItemProxy */;
		};
		42DED8CA2AE601130093EF6C /* PBXTargetDependency */ = {
			isa = PBXTargetDependency;
			platformFilter = ios;
			target = 426367AF2AD8652800950C17 /* EssentialFeed */;
			targetProxy = 42DED8C92AE601130093EF6C /* PBXContainerItemProxy */;
		};
		42FB00C92ADD9694001953DA /* PBXTargetDependency */ = {
			isa = PBXTargetDependency;
			target = 426367AF2AD8652800950C17 /* EssentialFeed */;
			targetProxy = 42FB00C82ADD9694001953DA /* PBXContainerItemProxy */;
		};
		42FB00D82ADD9B11001953DA /* PBXTargetDependency */ = {
			isa = PBXTargetDependency;
			target = 426367AF2AD8652800950C17 /* EssentialFeed */;
			targetProxy = 42FB00D72ADD9B11001953DA /* PBXContainerItemProxy */;
		};
		42FB01122AE1BFF3001953DA /* PBXTargetDependency */ = {
			isa = PBXTargetDependency;
			target = 426367AF2AD8652800950C17 /* EssentialFeed */;
			targetProxy = 42FB01112AE1BFF3001953DA /* PBXContainerItemProxy */;
		};
/* End PBXTargetDependency section */

/* Begin XCBuildConfiguration section */
		424A6A292AE2FABC00B4F319 /* Debug */ = {
			isa = XCBuildConfiguration;
			buildSettings = {
				CLANG_ENABLE_MODULES = YES;
				CODE_SIGN_STYLE = Automatic;
				CURRENT_PROJECT_VERSION = 1;
				DEFINES_MODULE = YES;
				DEVELOPMENT_TEAM = 5X48PFL69D;
				DYLIB_COMPATIBILITY_VERSION = 1;
				DYLIB_CURRENT_VERSION = 1;
				DYLIB_INSTALL_NAME_BASE = "@rpath";
				ENABLE_MODULE_VERIFIER = YES;
				GENERATE_INFOPLIST_FILE = YES;
				INFOPLIST_KEY_NSHumanReadableCopyright = "";
				INSTALL_PATH = "$(LOCAL_LIBRARY_DIR)/Frameworks";
				IPHONEOS_DEPLOYMENT_TARGET = 15.0;
				LD_RUNPATH_SEARCH_PATHS = (
					"$(inherited)",
					"@executable_path/Frameworks",
					"@loader_path/Frameworks",
				);
				MARKETING_VERSION = 1.0;
				MODULE_VERIFIER_SUPPORTED_LANGUAGES = "objective-c objective-c++";
				MODULE_VERIFIER_SUPPORTED_LANGUAGE_STANDARDS = "gnu17 gnu++20";
				PRODUCT_BUNDLE_IDENTIFIER = com.jzdesign.EssentialFeediOS;
				PRODUCT_NAME = "$(TARGET_NAME:c99extidentifier)";
				SDKROOT = iphoneos;
				SKIP_INSTALL = YES;
				SWIFT_EMIT_LOC_STRINGS = YES;
				SWIFT_OPTIMIZATION_LEVEL = "-Onone";
				SWIFT_VERSION = 5.0;
				TARGETED_DEVICE_FAMILY = "1,2";
			};
			name = Debug;
		};
		424A6A2A2AE2FABC00B4F319 /* Release */ = {
			isa = XCBuildConfiguration;
			buildSettings = {
				CLANG_ENABLE_MODULES = YES;
				CODE_SIGN_STYLE = Automatic;
				CURRENT_PROJECT_VERSION = 1;
				DEFINES_MODULE = YES;
				DEVELOPMENT_TEAM = 5X48PFL69D;
				DYLIB_COMPATIBILITY_VERSION = 1;
				DYLIB_CURRENT_VERSION = 1;
				DYLIB_INSTALL_NAME_BASE = "@rpath";
				ENABLE_MODULE_VERIFIER = YES;
				GENERATE_INFOPLIST_FILE = YES;
				INFOPLIST_KEY_NSHumanReadableCopyright = "";
				INSTALL_PATH = "$(LOCAL_LIBRARY_DIR)/Frameworks";
				IPHONEOS_DEPLOYMENT_TARGET = 15.0;
				LD_RUNPATH_SEARCH_PATHS = (
					"$(inherited)",
					"@executable_path/Frameworks",
					"@loader_path/Frameworks",
				);
				MARKETING_VERSION = 1.0;
				MODULE_VERIFIER_SUPPORTED_LANGUAGES = "objective-c objective-c++";
				MODULE_VERIFIER_SUPPORTED_LANGUAGE_STANDARDS = "gnu17 gnu++20";
				PRODUCT_BUNDLE_IDENTIFIER = com.jzdesign.EssentialFeediOS;
				PRODUCT_NAME = "$(TARGET_NAME:c99extidentifier)";
				SDKROOT = iphoneos;
				SKIP_INSTALL = YES;
				SWIFT_EMIT_LOC_STRINGS = YES;
				SWIFT_VERSION = 5.0;
				TARGETED_DEVICE_FAMILY = "1,2";
				VALIDATE_PRODUCT = YES;
			};
			name = Release;
		};
		424A6A2C2AE2FABC00B4F319 /* Debug */ = {
			isa = XCBuildConfiguration;
			buildSettings = {
				ALWAYS_EMBED_SWIFT_STANDARD_LIBRARIES = YES;
				CLANG_ENABLE_MODULES = YES;
				CODE_SIGN_STYLE = Automatic;
				CURRENT_PROJECT_VERSION = 1;
				DEVELOPMENT_TEAM = 5X48PFL69D;
				GENERATE_INFOPLIST_FILE = YES;
				IPHONEOS_DEPLOYMENT_TARGET = 15.0;
				MARKETING_VERSION = 1.0;
				PRODUCT_BUNDLE_IDENTIFIER = com.jzdesign.EssentialFeediOSTests;
				PRODUCT_NAME = "$(TARGET_NAME)";
				SDKROOT = iphoneos;
				SWIFT_EMIT_LOC_STRINGS = NO;
				SWIFT_OPTIMIZATION_LEVEL = "-Onone";
				SWIFT_VERSION = 5.0;
				TARGETED_DEVICE_FAMILY = "1,2";
			};
			name = Debug;
		};
		424A6A2D2AE2FABC00B4F319 /* Release */ = {
			isa = XCBuildConfiguration;
			buildSettings = {
				ALWAYS_EMBED_SWIFT_STANDARD_LIBRARIES = YES;
				CLANG_ENABLE_MODULES = YES;
				CODE_SIGN_STYLE = Automatic;
				CURRENT_PROJECT_VERSION = 1;
				DEVELOPMENT_TEAM = 5X48PFL69D;
				GENERATE_INFOPLIST_FILE = YES;
				IPHONEOS_DEPLOYMENT_TARGET = 15.0;
				MARKETING_VERSION = 1.0;
				PRODUCT_BUNDLE_IDENTIFIER = com.jzdesign.EssentialFeediOSTests;
				PRODUCT_NAME = "$(TARGET_NAME)";
				SDKROOT = iphoneos;
				SWIFT_EMIT_LOC_STRINGS = NO;
				SWIFT_VERSION = 5.0;
				TARGETED_DEVICE_FAMILY = "1,2";
				VALIDATE_PRODUCT = YES;
			};
			name = Release;
		};
		424A6A382AE2FB9500B4F319 /* Debug */ = {
			isa = XCBuildConfiguration;
			buildSettings = {
				CODE_SIGN_STYLE = Automatic;
				CURRENT_PROJECT_VERSION = 1;
				DEVELOPMENT_TEAM = 5X48PFL69D;
				GENERATE_INFOPLIST_FILE = YES;
				MACOSX_DEPLOYMENT_TARGET = 12.4;
				MARKETING_VERSION = 1.0;
				PRODUCT_BUNDLE_IDENTIFIER = com.jzdesign.CI;
				PRODUCT_NAME = "$(TARGET_NAME)";
				SUPPORTED_PLATFORMS = "iphoneos iphonesimulator";
				SUPPORTS_MACCATALYST = NO;
				SWIFT_EMIT_LOC_STRINGS = NO;
				SWIFT_VERSION = 5.0;
				TARGETED_DEVICE_FAMILY = 1;
			};
			name = Debug;
		};
		424A6A392AE2FB9500B4F319 /* Release */ = {
			isa = XCBuildConfiguration;
			buildSettings = {
				CODE_SIGN_STYLE = Automatic;
				CURRENT_PROJECT_VERSION = 1;
				DEVELOPMENT_TEAM = 5X48PFL69D;
				GENERATE_INFOPLIST_FILE = YES;
				MACOSX_DEPLOYMENT_TARGET = 12.4;
				MARKETING_VERSION = 1.0;
				PRODUCT_BUNDLE_IDENTIFIER = com.jzdesign.CI;
				PRODUCT_NAME = "$(TARGET_NAME)";
				SUPPORTED_PLATFORMS = "iphoneos iphonesimulator";
				SUPPORTS_MACCATALYST = NO;
				SWIFT_EMIT_LOC_STRINGS = NO;
				SWIFT_VERSION = 5.0;
				TARGETED_DEVICE_FAMILY = 1;
			};
			name = Release;
		};
		426367C02AD8652800950C17 /* Debug */ = {
			isa = XCBuildConfiguration;
			buildSettings = {
				ALWAYS_SEARCH_USER_PATHS = NO;
				ASSETCATALOG_COMPILER_GENERATE_SWIFT_ASSET_SYMBOL_EXTENSIONS = YES;
				CLANG_ANALYZER_NONNULL = YES;
				CLANG_ANALYZER_NUMBER_OBJECT_CONVERSION = YES_AGGRESSIVE;
				CLANG_CXX_LANGUAGE_STANDARD = "gnu++20";
				CLANG_ENABLE_MODULES = YES;
				CLANG_ENABLE_OBJC_ARC = YES;
				CLANG_ENABLE_OBJC_WEAK = YES;
				CLANG_WARN_BLOCK_CAPTURE_AUTORELEASING = YES;
				CLANG_WARN_BOOL_CONVERSION = YES;
				CLANG_WARN_COMMA = YES;
				CLANG_WARN_CONSTANT_CONVERSION = YES;
				CLANG_WARN_DEPRECATED_OBJC_IMPLEMENTATIONS = YES;
				CLANG_WARN_DIRECT_OBJC_ISA_USAGE = YES_ERROR;
				CLANG_WARN_DOCUMENTATION_COMMENTS = YES;
				CLANG_WARN_EMPTY_BODY = YES;
				CLANG_WARN_ENUM_CONVERSION = YES;
				CLANG_WARN_INFINITE_RECURSION = YES;
				CLANG_WARN_INT_CONVERSION = YES;
				CLANG_WARN_NON_LITERAL_NULL_CONVERSION = YES;
				CLANG_WARN_OBJC_IMPLICIT_RETAIN_SELF = YES;
				CLANG_WARN_OBJC_LITERAL_CONVERSION = YES;
				CLANG_WARN_OBJC_ROOT_CLASS = YES_ERROR;
				CLANG_WARN_QUOTED_INCLUDE_IN_FRAMEWORK_HEADER = YES;
				CLANG_WARN_RANGE_LOOP_ANALYSIS = YES;
				CLANG_WARN_STRICT_PROTOTYPES = YES;
				CLANG_WARN_SUSPICIOUS_MOVE = YES;
				CLANG_WARN_UNGUARDED_AVAILABILITY = YES_AGGRESSIVE;
				CLANG_WARN_UNREACHABLE_CODE = YES;
				CLANG_WARN__DUPLICATE_METHOD_MATCH = YES;
				COPY_PHASE_STRIP = NO;
				CURRENT_PROJECT_VERSION = 1;
				DEBUG_INFORMATION_FORMAT = dwarf;
				ENABLE_STRICT_OBJC_MSGSEND = YES;
				ENABLE_TESTABILITY = YES;
				ENABLE_USER_SCRIPT_SANDBOXING = YES;
				GCC_C_LANGUAGE_STANDARD = gnu17;
				GCC_DYNAMIC_NO_PIC = NO;
				GCC_NO_COMMON_BLOCKS = YES;
				GCC_OPTIMIZATION_LEVEL = 0;
				GCC_PREPROCESSOR_DEFINITIONS = (
					"DEBUG=1",
					"$(inherited)",
				);
				GCC_WARN_64_TO_32_BIT_CONVERSION = YES;
				GCC_WARN_ABOUT_RETURN_TYPE = YES_ERROR;
				GCC_WARN_UNDECLARED_SELECTOR = YES;
				GCC_WARN_UNINITIALIZED_AUTOS = YES_AGGRESSIVE;
				GCC_WARN_UNUSED_FUNCTION = YES;
				GCC_WARN_UNUSED_VARIABLE = YES;
				IPHONEOS_DEPLOYMENT_TARGET = 15.0;
				LOCALIZATION_PREFERS_STRING_CATALOGS = YES;
				MACOSX_DEPLOYMENT_TARGET = 12.4;
				MTL_ENABLE_DEBUG_INFO = INCLUDE_SOURCE;
				MTL_FAST_MATH = YES;
				ONLY_ACTIVE_ARCH = YES;
				SDKROOT = macosx;
				SWIFT_ACTIVE_COMPILATION_CONDITIONS = "DEBUG $(inherited)";
				SWIFT_OPTIMIZATION_LEVEL = "-Onone";
				VERSIONING_SYSTEM = "apple-generic";
				VERSION_INFO_PREFIX = "";
			};
			name = Debug;
		};
		426367C12AD8652800950C17 /* Release */ = {
			isa = XCBuildConfiguration;
			buildSettings = {
				ALWAYS_SEARCH_USER_PATHS = NO;
				ASSETCATALOG_COMPILER_GENERATE_SWIFT_ASSET_SYMBOL_EXTENSIONS = YES;
				CLANG_ANALYZER_NONNULL = YES;
				CLANG_ANALYZER_NUMBER_OBJECT_CONVERSION = YES_AGGRESSIVE;
				CLANG_CXX_LANGUAGE_STANDARD = "gnu++20";
				CLANG_ENABLE_MODULES = YES;
				CLANG_ENABLE_OBJC_ARC = YES;
				CLANG_ENABLE_OBJC_WEAK = YES;
				CLANG_WARN_BLOCK_CAPTURE_AUTORELEASING = YES;
				CLANG_WARN_BOOL_CONVERSION = YES;
				CLANG_WARN_COMMA = YES;
				CLANG_WARN_CONSTANT_CONVERSION = YES;
				CLANG_WARN_DEPRECATED_OBJC_IMPLEMENTATIONS = YES;
				CLANG_WARN_DIRECT_OBJC_ISA_USAGE = YES_ERROR;
				CLANG_WARN_DOCUMENTATION_COMMENTS = YES;
				CLANG_WARN_EMPTY_BODY = YES;
				CLANG_WARN_ENUM_CONVERSION = YES;
				CLANG_WARN_INFINITE_RECURSION = YES;
				CLANG_WARN_INT_CONVERSION = YES;
				CLANG_WARN_NON_LITERAL_NULL_CONVERSION = YES;
				CLANG_WARN_OBJC_IMPLICIT_RETAIN_SELF = YES;
				CLANG_WARN_OBJC_LITERAL_CONVERSION = YES;
				CLANG_WARN_OBJC_ROOT_CLASS = YES_ERROR;
				CLANG_WARN_QUOTED_INCLUDE_IN_FRAMEWORK_HEADER = YES;
				CLANG_WARN_RANGE_LOOP_ANALYSIS = YES;
				CLANG_WARN_STRICT_PROTOTYPES = YES;
				CLANG_WARN_SUSPICIOUS_MOVE = YES;
				CLANG_WARN_UNGUARDED_AVAILABILITY = YES_AGGRESSIVE;
				CLANG_WARN_UNREACHABLE_CODE = YES;
				CLANG_WARN__DUPLICATE_METHOD_MATCH = YES;
				COPY_PHASE_STRIP = NO;
				CURRENT_PROJECT_VERSION = 1;
				DEBUG_INFORMATION_FORMAT = "dwarf-with-dsym";
				ENABLE_NS_ASSERTIONS = NO;
				ENABLE_STRICT_OBJC_MSGSEND = YES;
				ENABLE_USER_SCRIPT_SANDBOXING = YES;
				GCC_C_LANGUAGE_STANDARD = gnu17;
				GCC_NO_COMMON_BLOCKS = YES;
				GCC_WARN_64_TO_32_BIT_CONVERSION = YES;
				GCC_WARN_ABOUT_RETURN_TYPE = YES_ERROR;
				GCC_WARN_UNDECLARED_SELECTOR = YES;
				GCC_WARN_UNINITIALIZED_AUTOS = YES_AGGRESSIVE;
				GCC_WARN_UNUSED_FUNCTION = YES;
				GCC_WARN_UNUSED_VARIABLE = YES;
				IPHONEOS_DEPLOYMENT_TARGET = 15.0;
				LOCALIZATION_PREFERS_STRING_CATALOGS = YES;
				MACOSX_DEPLOYMENT_TARGET = 12.4;
				MTL_ENABLE_DEBUG_INFO = NO;
				MTL_FAST_MATH = YES;
				SDKROOT = macosx;
				SWIFT_COMPILATION_MODE = wholemodule;
				VERSIONING_SYSTEM = "apple-generic";
				VERSION_INFO_PREFIX = "";
			};
			name = Release;
		};
		426367C32AD8652800950C17 /* Debug */ = {
			isa = XCBuildConfiguration;
			buildSettings = {
				CLANG_ENABLE_MODULES = YES;
				CODE_SIGN_STYLE = Automatic;
				COMBINE_HIDPI_IMAGES = YES;
				CURRENT_PROJECT_VERSION = 1;
				DEFINES_MODULE = YES;
				DEVELOPMENT_TEAM = 5X48PFL69D;
				DYLIB_COMPATIBILITY_VERSION = 1;
				DYLIB_CURRENT_VERSION = 1;
				DYLIB_INSTALL_NAME_BASE = "@rpath";
				ENABLE_MODULE_VERIFIER = YES;
				GENERATE_INFOPLIST_FILE = YES;
				INFOPLIST_KEY_NSHumanReadableCopyright = "";
				INSTALL_PATH = "$(LOCAL_LIBRARY_DIR)/Frameworks";
				LD_RUNPATH_SEARCH_PATHS = (
					"$(inherited)",
					"@executable_path/../Frameworks",
					"@loader_path/Frameworks",
				);
				MARKETING_VERSION = 1.0;
				MODULE_VERIFIER_SUPPORTED_LANGUAGES = "objective-c objective-c++";
				MODULE_VERIFIER_SUPPORTED_LANGUAGE_STANDARDS = "gnu17 gnu++20";
				PRODUCT_BUNDLE_IDENTIFIER = com.jzdesign.EssentialFeed;
				PRODUCT_NAME = "$(TARGET_NAME:c99extidentifier)";
				SKIP_INSTALL = YES;
				SUPPORTED_PLATFORMS = "iphoneos iphonesimulator macosx";
				SUPPORTS_MACCATALYST = NO;
				SWIFT_EMIT_LOC_STRINGS = YES;
				SWIFT_OPTIMIZATION_LEVEL = "-Onone";
				SWIFT_VERSION = 5.0;
				TARGETED_DEVICE_FAMILY = 1;
			};
			name = Debug;
		};
		426367C42AD8652800950C17 /* Release */ = {
			isa = XCBuildConfiguration;
			buildSettings = {
				CLANG_ENABLE_MODULES = YES;
				CODE_SIGN_STYLE = Automatic;
				COMBINE_HIDPI_IMAGES = YES;
				CURRENT_PROJECT_VERSION = 1;
				DEFINES_MODULE = YES;
				DEVELOPMENT_TEAM = 5X48PFL69D;
				DYLIB_COMPATIBILITY_VERSION = 1;
				DYLIB_CURRENT_VERSION = 1;
				DYLIB_INSTALL_NAME_BASE = "@rpath";
				ENABLE_MODULE_VERIFIER = YES;
				GENERATE_INFOPLIST_FILE = YES;
				INFOPLIST_KEY_NSHumanReadableCopyright = "";
				INSTALL_PATH = "$(LOCAL_LIBRARY_DIR)/Frameworks";
				LD_RUNPATH_SEARCH_PATHS = (
					"$(inherited)",
					"@executable_path/../Frameworks",
					"@loader_path/Frameworks",
				);
				MARKETING_VERSION = 1.0;
				MODULE_VERIFIER_SUPPORTED_LANGUAGES = "objective-c objective-c++";
				MODULE_VERIFIER_SUPPORTED_LANGUAGE_STANDARDS = "gnu17 gnu++20";
				PRODUCT_BUNDLE_IDENTIFIER = com.jzdesign.EssentialFeed;
				PRODUCT_NAME = "$(TARGET_NAME:c99extidentifier)";
				SKIP_INSTALL = YES;
				SUPPORTED_PLATFORMS = "iphoneos iphonesimulator macosx";
				SUPPORTS_MACCATALYST = NO;
				SWIFT_EMIT_LOC_STRINGS = YES;
				SWIFT_VERSION = 5.0;
				TARGETED_DEVICE_FAMILY = 1;
			};
			name = Release;
		};
		426367C62AD8652800950C17 /* Debug */ = {
			isa = XCBuildConfiguration;
			buildSettings = {
				ALWAYS_EMBED_SWIFT_STANDARD_LIBRARIES = YES;
				CODE_SIGN_STYLE = Automatic;
				CURRENT_PROJECT_VERSION = 1;
				DEVELOPMENT_TEAM = 5X48PFL69D;
				GENERATE_INFOPLIST_FILE = YES;
				MARKETING_VERSION = 1.0;
				PRODUCT_BUNDLE_IDENTIFIER = com.jzdesign.EssentialFeedTests;
				PRODUCT_NAME = "$(TARGET_NAME)";
				SUPPORTED_PLATFORMS = "macosx iphonesimulator iphoneos";
				SWIFT_EMIT_LOC_STRINGS = NO;
				SWIFT_VERSION = 5.0;
			};
			name = Debug;
		};
		426367C72AD8652800950C17 /* Release */ = {
			isa = XCBuildConfiguration;
			buildSettings = {
				ALWAYS_EMBED_SWIFT_STANDARD_LIBRARIES = YES;
				CODE_SIGN_STYLE = Automatic;
				CURRENT_PROJECT_VERSION = 1;
				DEVELOPMENT_TEAM = 5X48PFL69D;
				GENERATE_INFOPLIST_FILE = YES;
				MARKETING_VERSION = 1.0;
				PRODUCT_BUNDLE_IDENTIFIER = com.jzdesign.EssentialFeedTests;
				PRODUCT_NAME = "$(TARGET_NAME)";
				SUPPORTED_PLATFORMS = "macosx iphonesimulator iphoneos";
				SWIFT_EMIT_LOC_STRINGS = NO;
				SWIFT_VERSION = 5.0;
			};
			name = Release;
		};
		42FB00CB2ADD9694001953DA /* Debug */ = {
			isa = XCBuildConfiguration;
			buildSettings = {
				CODE_SIGN_STYLE = Automatic;
				CURRENT_PROJECT_VERSION = 1;
				DEVELOPMENT_TEAM = 5X48PFL69D;
				GENERATE_INFOPLIST_FILE = YES;
				MARKETING_VERSION = 1.0;
				PRODUCT_BUNDLE_IDENTIFIER = com.jzdesign.EssentialFeedAPIEndToEndTests;
				PRODUCT_NAME = "$(TARGET_NAME)";
				SUPPORTED_PLATFORMS = "macosx iphonesimulator iphoneos";
				SWIFT_EMIT_LOC_STRINGS = NO;
				SWIFT_VERSION = 5.0;
			};
			name = Debug;
		};
		42FB00CC2ADD9694001953DA /* Release */ = {
			isa = XCBuildConfiguration;
			buildSettings = {
				CODE_SIGN_STYLE = Automatic;
				CURRENT_PROJECT_VERSION = 1;
				DEVELOPMENT_TEAM = 5X48PFL69D;
				GENERATE_INFOPLIST_FILE = YES;
				MARKETING_VERSION = 1.0;
				PRODUCT_BUNDLE_IDENTIFIER = com.jzdesign.EssentialFeedAPIEndToEndTests;
				PRODUCT_NAME = "$(TARGET_NAME)";
				SUPPORTED_PLATFORMS = "macosx iphonesimulator iphoneos";
				SWIFT_EMIT_LOC_STRINGS = NO;
				SWIFT_VERSION = 5.0;
			};
			name = Release;
		};
		42FB00DA2ADD9B11001953DA /* Debug */ = {
			isa = XCBuildConfiguration;
			buildSettings = {
				CODE_SIGN_STYLE = Automatic;
				CURRENT_PROJECT_VERSION = 1;
				DEVELOPMENT_TEAM = 5X48PFL69D;
				GENERATE_INFOPLIST_FILE = YES;
				MACOSX_DEPLOYMENT_TARGET = 12.4;
				MARKETING_VERSION = 1.0;
				PRODUCT_BUNDLE_IDENTIFIER = com.jzdesign.CI;
				PRODUCT_NAME = "$(TARGET_NAME)";
				SWIFT_EMIT_LOC_STRINGS = NO;
				SWIFT_VERSION = 5.0;
			};
			name = Debug;
		};
		42FB00DB2ADD9B11001953DA /* Release */ = {
			isa = XCBuildConfiguration;
			buildSettings = {
				CODE_SIGN_STYLE = Automatic;
				CURRENT_PROJECT_VERSION = 1;
				DEVELOPMENT_TEAM = 5X48PFL69D;
				GENERATE_INFOPLIST_FILE = YES;
				MACOSX_DEPLOYMENT_TARGET = 12.4;
				MARKETING_VERSION = 1.0;
				PRODUCT_BUNDLE_IDENTIFIER = com.jzdesign.CI;
				PRODUCT_NAME = "$(TARGET_NAME)";
				SWIFT_EMIT_LOC_STRINGS = NO;
				SWIFT_VERSION = 5.0;
			};
			name = Release;
		};
		42FB01142AE1BFF3001953DA /* Debug */ = {
			isa = XCBuildConfiguration;
			buildSettings = {
				CODE_SIGN_STYLE = Automatic;
				CURRENT_PROJECT_VERSION = 1;
				DEVELOPMENT_TEAM = 5X48PFL69D;
				GENERATE_INFOPLIST_FILE = YES;
				MACOSX_DEPLOYMENT_TARGET = 14.0;
				MARKETING_VERSION = 1.0;
				PRODUCT_BUNDLE_IDENTIFIER = com.jzdesign.EssentialFeedCacheIntegrationTests;
				PRODUCT_NAME = "$(TARGET_NAME)";
				SUPPORTED_PLATFORMS = "macosx iphonesimulator iphoneos";
				SWIFT_EMIT_LOC_STRINGS = NO;
				SWIFT_VERSION = 5.0;
			};
			name = Debug;
		};
		42FB01152AE1BFF3001953DA /* Release */ = {
			isa = XCBuildConfiguration;
			buildSettings = {
				CODE_SIGN_STYLE = Automatic;
				CURRENT_PROJECT_VERSION = 1;
				DEVELOPMENT_TEAM = 5X48PFL69D;
				GENERATE_INFOPLIST_FILE = YES;
				MACOSX_DEPLOYMENT_TARGET = 14.0;
				MARKETING_VERSION = 1.0;
				PRODUCT_BUNDLE_IDENTIFIER = com.jzdesign.EssentialFeedCacheIntegrationTests;
				PRODUCT_NAME = "$(TARGET_NAME)";
				SUPPORTED_PLATFORMS = "macosx iphonesimulator iphoneos";
				SWIFT_EMIT_LOC_STRINGS = NO;
				SWIFT_VERSION = 5.0;
			};
			name = Release;
		};
/* End XCBuildConfiguration section */

/* Begin XCConfigurationList section */
		424A6A282AE2FABC00B4F319 /* Build configuration list for PBXNativeTarget "EssentialFeediOS" */ = {
			isa = XCConfigurationList;
			buildConfigurations = (
				424A6A292AE2FABC00B4F319 /* Debug */,
				424A6A2A2AE2FABC00B4F319 /* Release */,
			);
			defaultConfigurationIsVisible = 0;
			defaultConfigurationName = Release;
		};
		424A6A2B2AE2FABC00B4F319 /* Build configuration list for PBXNativeTarget "EssentialFeediOSTests" */ = {
			isa = XCConfigurationList;
			buildConfigurations = (
				424A6A2C2AE2FABC00B4F319 /* Debug */,
				424A6A2D2AE2FABC00B4F319 /* Release */,
			);
			defaultConfigurationIsVisible = 0;
			defaultConfigurationName = Release;
		};
		424A6A372AE2FB9500B4F319 /* Build configuration list for PBXNativeTarget "CI_ios" */ = {
			isa = XCConfigurationList;
			buildConfigurations = (
				424A6A382AE2FB9500B4F319 /* Debug */,
				424A6A392AE2FB9500B4F319 /* Release */,
			);
			defaultConfigurationIsVisible = 0;
			defaultConfigurationName = Release;
		};
		426367AA2AD8652800950C17 /* Build configuration list for PBXProject "EssentialFeed" */ = {
			isa = XCConfigurationList;
			buildConfigurations = (
				426367C02AD8652800950C17 /* Debug */,
				426367C12AD8652800950C17 /* Release */,
			);
			defaultConfigurationIsVisible = 0;
			defaultConfigurationName = Release;
		};
		426367C22AD8652800950C17 /* Build configuration list for PBXNativeTarget "EssentialFeed" */ = {
			isa = XCConfigurationList;
			buildConfigurations = (
				426367C32AD8652800950C17 /* Debug */,
				426367C42AD8652800950C17 /* Release */,
			);
			defaultConfigurationIsVisible = 0;
			defaultConfigurationName = Release;
		};
		426367C52AD8652800950C17 /* Build configuration list for PBXNativeTarget "EssentialFeedTests" */ = {
			isa = XCConfigurationList;
			buildConfigurations = (
				426367C62AD8652800950C17 /* Debug */,
				426367C72AD8652800950C17 /* Release */,
			);
			defaultConfigurationIsVisible = 0;
			defaultConfigurationName = Release;
		};
		42FB00CA2ADD9694001953DA /* Build configuration list for PBXNativeTarget "EssentialFeedAPIEndToEndTests" */ = {
			isa = XCConfigurationList;
			buildConfigurations = (
				42FB00CB2ADD9694001953DA /* Debug */,
				42FB00CC2ADD9694001953DA /* Release */,
			);
			defaultConfigurationIsVisible = 0;
			defaultConfigurationName = Release;
		};
		42FB00D92ADD9B11001953DA /* Build configuration list for PBXNativeTarget "CI_macos" */ = {
			isa = XCConfigurationList;
			buildConfigurations = (
				42FB00DA2ADD9B11001953DA /* Debug */,
				42FB00DB2ADD9B11001953DA /* Release */,
			);
			defaultConfigurationIsVisible = 0;
			defaultConfigurationName = Release;
		};
		42FB01132AE1BFF3001953DA /* Build configuration list for PBXNativeTarget "EssentialFeedCacheIntegrationTests" */ = {
			isa = XCConfigurationList;
			buildConfigurations = (
				42FB01142AE1BFF3001953DA /* Debug */,
				42FB01152AE1BFF3001953DA /* Release */,
			);
			defaultConfigurationIsVisible = 0;
			defaultConfigurationName = Release;
		};
/* End XCConfigurationList section */

/* Begin XCVersionGroup section */
		42FB01042AE1ADE4001953DA /* FeedStore.xcdatamodeld */ = {
			isa = XCVersionGroup;
			children = (
				42FB01052AE1ADE4001953DA /* FeedStore.xcdatamodel */,
			);
			currentVersion = 42FB01052AE1ADE4001953DA /* FeedStore.xcdatamodel */;
			path = FeedStore.xcdatamodeld;
			sourceTree = "<group>";
			versionGroupType = wrapper.xcdatamodel;
		};
/* End XCVersionGroup section */
	};
	rootObject = 426367A72AD8652800950C17 /* Project object */;
}
