// !$*UTF8*$!
{
	archiveVersion = 1;
	classes = {
	};
	objectVersion = 56;
	objects = {

/* Begin PBXBuildFile section */
		4200F58B2AE95B29005655E7 /* CI_ios.swift in Sources */ = {isa = PBXBuildFile; fileRef = 4200F58A2AE95B29005655E7 /* CI_ios.swift */; };
		42C3F4E12AE9AA4200F53443 /* FeedLoaderCacheDecoratorTests.swift in Sources */ = {isa = PBXBuildFile; fileRef = 42C3F4E02AE9AA4200F53443 /* FeedLoaderCacheDecoratorTests.swift */; };
		42C3F4E32AE9ABE800F53443 /* FeedLoaderStub.swift in Sources */ = {isa = PBXBuildFile; fileRef = 42C3F4E22AE9ABE800F53443 /* FeedLoaderStub.swift */; };
		42C3F4E52AE9AC6C00F53443 /* FeedLoaderTestCase.swift in Sources */ = {isa = PBXBuildFile; fileRef = 42C3F4E42AE9AC6C00F53443 /* FeedLoaderTestCase.swift */; };
		42C3F4E92AE9B09100F53443 /* FeedLoaderCacheDecorator.swift in Sources */ = {isa = PBXBuildFile; fileRef = 42C3F4E82AE9B09100F53443 /* FeedLoaderCacheDecorator.swift */; };
		42C3F4EB2AE9B37F00F53443 /* FeedImageDataLoaderCacheDecoratorTests.swift in Sources */ = {isa = PBXBuildFile; fileRef = 42C3F4EA2AE9B37F00F53443 /* FeedImageDataLoaderCacheDecoratorTests.swift */; };
		42C3F4ED2AE9B41500F53443 /* FeedImageDataLoaderSpy.swift in Sources */ = {isa = PBXBuildFile; fileRef = 42C3F4EC2AE9B41500F53443 /* FeedImageDataLoaderSpy.swift */; };
		42C3F4EF2AE9B4E100F53443 /* FeedImageDataLoaderTestCase.swift in Sources */ = {isa = PBXBuildFile; fileRef = 42C3F4EE2AE9B4E100F53443 /* FeedImageDataLoaderTestCase.swift */; };
		42CD0C8E2AE8B18A000DBA32 /* AppDelegate.swift in Sources */ = {isa = PBXBuildFile; fileRef = 42CD0C8D2AE8B18A000DBA32 /* AppDelegate.swift */; };
		42CD0C902AE8B18A000DBA32 /* SceneDelegate.swift in Sources */ = {isa = PBXBuildFile; fileRef = 42CD0C8F2AE8B18A000DBA32 /* SceneDelegate.swift */; };
		42CD0C922AE8B18A000DBA32 /* ViewController.swift in Sources */ = {isa = PBXBuildFile; fileRef = 42CD0C912AE8B18A000DBA32 /* ViewController.swift */; };
		42CD0C952AE8B18A000DBA32 /* Main.storyboard in Resources */ = {isa = PBXBuildFile; fileRef = 42CD0C932AE8B18A000DBA32 /* Main.storyboard */; };
		42CD0C972AE8B18B000DBA32 /* Assets.xcassets in Resources */ = {isa = PBXBuildFile; fileRef = 42CD0C962AE8B18B000DBA32 /* Assets.xcassets */; };
		42CD0C9A2AE8B18B000DBA32 /* LaunchScreen.storyboard in Resources */ = {isa = PBXBuildFile; fileRef = 42CD0C982AE8B18B000DBA32 /* LaunchScreen.storyboard */; };
		42CD0CA52AE8B18C000DBA32 /* EssentialAppTestHelpers.swift in Sources */ = {isa = PBXBuildFile; fileRef = 42CD0CA42AE8B18C000DBA32 /* EssentialAppTestHelpers.swift */; };
		42CD0CAF2AE8B18C000DBA32 /* EssentialAppUITests.swift in Sources */ = {isa = PBXBuildFile; fileRef = 42CD0CAE2AE8B18C000DBA32 /* EssentialAppUITests.swift */; };
		42CD0CB12AE8B18C000DBA32 /* EssentialAppUITestsLaunchTests.swift in Sources */ = {isa = PBXBuildFile; fileRef = 42CD0CB02AE8B18C000DBA32 /* EssentialAppUITestsLaunchTests.swift */; };
		42CD0CBE2AE94F1A000DBA32 /* FeedImageDataLoaderWithFallbackComposite.swift in Sources */ = {isa = PBXBuildFile; fileRef = 42CD0CBD2AE94F1A000DBA32 /* FeedImageDataLoaderWithFallbackComposite.swift */; };
		42CD0CC22AE94F39000DBA32 /* EssentialFeed.framework in Frameworks */ = {isa = PBXBuildFile; fileRef = 42CD0CC02AE94F39000DBA32 /* EssentialFeed.framework */; };
		42CD0CC32AE94F39000DBA32 /* EssentialFeed.framework in Embed Frameworks */ = {isa = PBXBuildFile; fileRef = 42CD0CC02AE94F39000DBA32 /* EssentialFeed.framework */; settings = {ATTRIBUTES = (CodeSignOnCopy, RemoveHeadersOnCopy, ); }; };
		42CD0CC42AE94F39000DBA32 /* EssentialFeediOS.framework in Frameworks */ = {isa = PBXBuildFile; fileRef = 42CD0CC12AE94F39000DBA32 /* EssentialFeediOS.framework */; };
		42CD0CC52AE94F39000DBA32 /* EssentialFeediOS.framework in Embed Frameworks */ = {isa = PBXBuildFile; fileRef = 42CD0CC12AE94F39000DBA32 /* EssentialFeediOS.framework */; settings = {ATTRIBUTES = (CodeSignOnCopy, RemoveHeadersOnCopy, ); }; };
		42CD0CC82AE94F6B000DBA32 /* FeedLoaderWithFallbackComposite.swift in Sources */ = {isa = PBXBuildFile; fileRef = 42CD0CC72AE94F6B000DBA32 /* FeedLoaderWithFallbackComposite.swift */; };
		42CD0CCA2AE94F9A000DBA32 /* FeedImageDataLoaderWithFallbackCompositeTests.swift in Sources */ = {isa = PBXBuildFile; fileRef = 42CD0CC92AE94F9A000DBA32 /* FeedImageDataLoaderWithFallbackCompositeTests.swift */; };
		42CD0CCC2AE94FC1000DBA32 /* FeedLoaderWithFallbackCompositeTests.swift in Sources */ = {isa = PBXBuildFile; fileRef = 42CD0CCB2AE94FC1000DBA32 /* FeedLoaderWithFallbackCompositeTests.swift */; };
/* End PBXBuildFile section */

/* Begin PBXContainerItemProxy section */
		4200F58C2AE95B29005655E7 /* PBXContainerItemProxy */ = {
			isa = PBXContainerItemProxy;
			containerPortal = 42CD0C822AE8B18A000DBA32 /* Project object */;
			proxyType = 1;
			remoteGlobalIDString = 42CD0C892AE8B18A000DBA32;
			remoteInfo = EssentialApp;
		};
		42CD0CA12AE8B18C000DBA32 /* PBXContainerItemProxy */ = {
			isa = PBXContainerItemProxy;
			containerPortal = 42CD0C822AE8B18A000DBA32 /* Project object */;
			proxyType = 1;
			remoteGlobalIDString = 42CD0C892AE8B18A000DBA32;
			remoteInfo = EssentialApp;
		};
		42CD0CAB2AE8B18C000DBA32 /* PBXContainerItemProxy */ = {
			isa = PBXContainerItemProxy;
			containerPortal = 42CD0C822AE8B18A000DBA32 /* Project object */;
			proxyType = 1;
			remoteGlobalIDString = 42CD0C892AE8B18A000DBA32;
			remoteInfo = EssentialApp;
		};
/* End PBXContainerItemProxy section */

/* Begin PBXCopyFilesBuildPhase section */
		42CD0CC62AE94F39000DBA32 /* Embed Frameworks */ = {
			isa = PBXCopyFilesBuildPhase;
			buildActionMask = 2147483647;
			dstPath = "";
			dstSubfolderSpec = 10;
			files = (
				42CD0CC32AE94F39000DBA32 /* EssentialFeed.framework in Embed Frameworks */,
				42CD0CC52AE94F39000DBA32 /* EssentialFeediOS.framework in Embed Frameworks */,
			);
			name = "Embed Frameworks";
			runOnlyForDeploymentPostprocessing = 0;
		};
/* End PBXCopyFilesBuildPhase section */

/* Begin PBXFileReference section */
		4200F5882AE95B28005655E7 /* CI_ios.xctest */ = {isa = PBXFileReference; explicitFileType = wrapper.cfbundle; includeInIndex = 0; path = CI_ios.xctest; sourceTree = BUILT_PRODUCTS_DIR; };
		4200F58A2AE95B29005655E7 /* CI_ios.swift */ = {isa = PBXFileReference; lastKnownFileType = sourcecode.swift; path = CI_ios.swift; sourceTree = "<group>"; };
		42C3F4DF2AE95D0500F53443 /* CI_ios.xctestplan */ = {isa = PBXFileReference; lastKnownFileType = text; path = CI_ios.xctestplan; sourceTree = "<group>"; };
		42C3F4E02AE9AA4200F53443 /* FeedLoaderCacheDecoratorTests.swift */ = {isa = PBXFileReference; lastKnownFileType = sourcecode.swift; path = FeedLoaderCacheDecoratorTests.swift; sourceTree = "<group>"; };
		42C3F4E22AE9ABE800F53443 /* FeedLoaderStub.swift */ = {isa = PBXFileReference; lastKnownFileType = sourcecode.swift; path = FeedLoaderStub.swift; sourceTree = "<group>"; };
		42C3F4E42AE9AC6C00F53443 /* FeedLoaderTestCase.swift */ = {isa = PBXFileReference; lastKnownFileType = sourcecode.swift; path = FeedLoaderTestCase.swift; sourceTree = "<group>"; };
		42C3F4E82AE9B09100F53443 /* FeedLoaderCacheDecorator.swift */ = {isa = PBXFileReference; lastKnownFileType = sourcecode.swift; path = FeedLoaderCacheDecorator.swift; sourceTree = "<group>"; };
		42C3F4EA2AE9B37F00F53443 /* FeedImageDataLoaderCacheDecoratorTests.swift */ = {isa = PBXFileReference; lastKnownFileType = sourcecode.swift; path = FeedImageDataLoaderCacheDecoratorTests.swift; sourceTree = "<group>"; };
		42C3F4EC2AE9B41500F53443 /* FeedImageDataLoaderSpy.swift */ = {isa = PBXFileReference; lastKnownFileType = sourcecode.swift; path = FeedImageDataLoaderSpy.swift; sourceTree = "<group>"; };
		42C3F4EE2AE9B4E100F53443 /* FeedImageDataLoaderTestCase.swift */ = {isa = PBXFileReference; lastKnownFileType = sourcecode.swift; path = FeedImageDataLoaderTestCase.swift; sourceTree = "<group>"; };
		42CD0C8A2AE8B18A000DBA32 /* EssentialApp.app */ = {isa = PBXFileReference; explicitFileType = wrapper.application; includeInIndex = 0; path = EssentialApp.app; sourceTree = BUILT_PRODUCTS_DIR; };
		42CD0C8D2AE8B18A000DBA32 /* AppDelegate.swift */ = {isa = PBXFileReference; lastKnownFileType = sourcecode.swift; path = AppDelegate.swift; sourceTree = "<group>"; };
		42CD0C8F2AE8B18A000DBA32 /* SceneDelegate.swift */ = {isa = PBXFileReference; lastKnownFileType = sourcecode.swift; path = SceneDelegate.swift; sourceTree = "<group>"; };
		42CD0C912AE8B18A000DBA32 /* ViewController.swift */ = {isa = PBXFileReference; lastKnownFileType = sourcecode.swift; path = ViewController.swift; sourceTree = "<group>"; };
		42CD0C942AE8B18A000DBA32 /* Base */ = {isa = PBXFileReference; lastKnownFileType = file.storyboard; name = Base; path = Base.lproj/Main.storyboard; sourceTree = "<group>"; };
		42CD0C962AE8B18B000DBA32 /* Assets.xcassets */ = {isa = PBXFileReference; lastKnownFileType = folder.assetcatalog; path = Assets.xcassets; sourceTree = "<group>"; };
		42CD0C992AE8B18B000DBA32 /* Base */ = {isa = PBXFileReference; lastKnownFileType = file.storyboard; name = Base; path = Base.lproj/LaunchScreen.storyboard; sourceTree = "<group>"; };
		42CD0C9B2AE8B18B000DBA32 /* Info.plist */ = {isa = PBXFileReference; lastKnownFileType = text.plist.xml; path = Info.plist; sourceTree = "<group>"; };
		42CD0CA02AE8B18C000DBA32 /* EssentialAppTests.xctest */ = {isa = PBXFileReference; explicitFileType = wrapper.cfbundle; includeInIndex = 0; path = EssentialAppTests.xctest; sourceTree = BUILT_PRODUCTS_DIR; };
		42CD0CA42AE8B18C000DBA32 /* EssentialAppTestHelpers.swift */ = {isa = PBXFileReference; lastKnownFileType = sourcecode.swift; path = EssentialAppTestHelpers.swift; sourceTree = "<group>"; };
		42CD0CAA2AE8B18C000DBA32 /* EssentialAppUITests.xctest */ = {isa = PBXFileReference; explicitFileType = wrapper.cfbundle; includeInIndex = 0; path = EssentialAppUITests.xctest; sourceTree = BUILT_PRODUCTS_DIR; };
		42CD0CAE2AE8B18C000DBA32 /* EssentialAppUITests.swift */ = {isa = PBXFileReference; lastKnownFileType = sourcecode.swift; path = EssentialAppUITests.swift; sourceTree = "<group>"; };
		42CD0CB02AE8B18C000DBA32 /* EssentialAppUITestsLaunchTests.swift */ = {isa = PBXFileReference; lastKnownFileType = sourcecode.swift; path = EssentialAppUITestsLaunchTests.swift; sourceTree = "<group>"; };
		42CD0CBD2AE94F1A000DBA32 /* FeedImageDataLoaderWithFallbackComposite.swift */ = {isa = PBXFileReference; lastKnownFileType = sourcecode.swift; path = FeedImageDataLoaderWithFallbackComposite.swift; sourceTree = "<group>"; };
		42CD0CC02AE94F39000DBA32 /* EssentialFeed.framework */ = {isa = PBXFileReference; explicitFileType = wrapper.framework; path = EssentialFeed.framework; sourceTree = BUILT_PRODUCTS_DIR; };
		42CD0CC12AE94F39000DBA32 /* EssentialFeediOS.framework */ = {isa = PBXFileReference; explicitFileType = wrapper.framework; path = EssentialFeediOS.framework; sourceTree = BUILT_PRODUCTS_DIR; };
		42CD0CC72AE94F6B000DBA32 /* FeedLoaderWithFallbackComposite.swift */ = {isa = PBXFileReference; lastKnownFileType = sourcecode.swift; path = FeedLoaderWithFallbackComposite.swift; sourceTree = "<group>"; };
		42CD0CC92AE94F9A000DBA32 /* FeedImageDataLoaderWithFallbackCompositeTests.swift */ = {isa = PBXFileReference; lastKnownFileType = sourcecode.swift; path = FeedImageDataLoaderWithFallbackCompositeTests.swift; sourceTree = "<group>"; };
		42CD0CCB2AE94FC1000DBA32 /* FeedLoaderWithFallbackCompositeTests.swift */ = {isa = PBXFileReference; lastKnownFileType = sourcecode.swift; path = FeedLoaderWithFallbackCompositeTests.swift; sourceTree = "<group>"; };
/* End PBXFileReference section */

/* Begin PBXFrameworksBuildPhase section */
		4200F5852AE95B28005655E7 /* Frameworks */ = {
			isa = PBXFrameworksBuildPhase;
			buildActionMask = 2147483647;
			files = (
			);
			runOnlyForDeploymentPostprocessing = 0;
		};
		42CD0C872AE8B18A000DBA32 /* Frameworks */ = {
			isa = PBXFrameworksBuildPhase;
			buildActionMask = 2147483647;
			files = (
				42CD0CC22AE94F39000DBA32 /* EssentialFeed.framework in Frameworks */,
				42CD0CC42AE94F39000DBA32 /* EssentialFeediOS.framework in Frameworks */,
			);
			runOnlyForDeploymentPostprocessing = 0;
		};
		42CD0C9D2AE8B18C000DBA32 /* Frameworks */ = {
			isa = PBXFrameworksBuildPhase;
			buildActionMask = 2147483647;
			files = (
			);
			runOnlyForDeploymentPostprocessing = 0;
		};
		42CD0CA72AE8B18C000DBA32 /* Frameworks */ = {
			isa = PBXFrameworksBuildPhase;
			buildActionMask = 2147483647;
			files = (
			);
			runOnlyForDeploymentPostprocessing = 0;
		};
/* End PBXFrameworksBuildPhase section */

/* Begin PBXGroup section */
		4200F5892AE95B29005655E7 /* CI_ios */ = {
			isa = PBXGroup;
			children = (
				4200F58A2AE95B29005655E7 /* CI_ios.swift */,
				42C3F4DF2AE95D0500F53443 /* CI_ios.xctestplan */,
			);
			path = CI_ios;
			sourceTree = "<group>";
		};
		42CD0C812AE8B18A000DBA32 = {
			isa = PBXGroup;
			children = (
				42CD0C8C2AE8B18A000DBA32 /* EssentialApp */,
				42CD0CA32AE8B18C000DBA32 /* EssentialAppTests */,
				42CD0CAD2AE8B18C000DBA32 /* EssentialAppUITests */,
				4200F5892AE95B29005655E7 /* CI_ios */,
				42CD0C8B2AE8B18A000DBA32 /* Products */,
				42CD0CBF2AE94F39000DBA32 /* Frameworks */,
			);
			sourceTree = "<group>";
		};
		42CD0C8B2AE8B18A000DBA32 /* Products */ = {
			isa = PBXGroup;
			children = (
				42CD0C8A2AE8B18A000DBA32 /* EssentialApp.app */,
				42CD0CA02AE8B18C000DBA32 /* EssentialAppTests.xctest */,
				42CD0CAA2AE8B18C000DBA32 /* EssentialAppUITests.xctest */,
				4200F5882AE95B28005655E7 /* CI_ios.xctest */,
			);
			name = Products;
			sourceTree = "<group>";
		};
		42CD0C8C2AE8B18A000DBA32 /* EssentialApp */ = {
			isa = PBXGroup;
			children = (
				42CD0C8D2AE8B18A000DBA32 /* AppDelegate.swift */,
				42CD0C8F2AE8B18A000DBA32 /* SceneDelegate.swift */,
				42CD0C912AE8B18A000DBA32 /* ViewController.swift */,
				42CD0C932AE8B18A000DBA32 /* Main.storyboard */,
				42CD0C962AE8B18B000DBA32 /* Assets.xcassets */,
				42CD0C982AE8B18B000DBA32 /* LaunchScreen.storyboard */,
				42CD0C9B2AE8B18B000DBA32 /* Info.plist */,
				42CD0CBD2AE94F1A000DBA32 /* FeedImageDataLoaderWithFallbackComposite.swift */,
				42CD0CC72AE94F6B000DBA32 /* FeedLoaderWithFallbackComposite.swift */,
				42C3F4E82AE9B09100F53443 /* FeedLoaderCacheDecorator.swift */,
			);
			path = EssentialApp;
			sourceTree = "<group>";
		};
		42CD0CA32AE8B18C000DBA32 /* EssentialAppTests */ = {
			isa = PBXGroup;
			children = (
				42CD0CA42AE8B18C000DBA32 /* EssentialAppTestHelpers.swift */,
				42CD0CC92AE94F9A000DBA32 /* FeedImageDataLoaderWithFallbackCompositeTests.swift */,
				42CD0CCB2AE94FC1000DBA32 /* FeedLoaderWithFallbackCompositeTests.swift */,
				42C3F4E02AE9AA4200F53443 /* FeedLoaderCacheDecoratorTests.swift */,
				42C3F4E22AE9ABE800F53443 /* FeedLoaderStub.swift */,
				42C3F4E42AE9AC6C00F53443 /* FeedLoaderTestCase.swift */,
				42C3F4EA2AE9B37F00F53443 /* FeedImageDataLoaderCacheDecoratorTests.swift */,
				42C3F4EC2AE9B41500F53443 /* FeedImageDataLoaderSpy.swift */,
				42C3F4EE2AE9B4E100F53443 /* FeedImageDataLoaderTestCase.swift */,
			);
			path = EssentialAppTests;
			sourceTree = "<group>";
		};
		42CD0CAD2AE8B18C000DBA32 /* EssentialAppUITests */ = {
			isa = PBXGroup;
			children = (
				42CD0CAE2AE8B18C000DBA32 /* EssentialAppUITests.swift */,
				42CD0CB02AE8B18C000DBA32 /* EssentialAppUITestsLaunchTests.swift */,
			);
			path = EssentialAppUITests;
			sourceTree = "<group>";
		};
		42CD0CBF2AE94F39000DBA32 /* Frameworks */ = {
			isa = PBXGroup;
			children = (
				42CD0CC02AE94F39000DBA32 /* EssentialFeed.framework */,
				42CD0CC12AE94F39000DBA32 /* EssentialFeediOS.framework */,
			);
			name = Frameworks;
			sourceTree = "<group>";
		};
/* End PBXGroup section */

/* Begin PBXNativeTarget section */
		4200F5872AE95B28005655E7 /* CI_ios */ = {
			isa = PBXNativeTarget;
			buildConfigurationList = 4200F58E2AE95B29005655E7 /* Build configuration list for PBXNativeTarget "CI_ios" */;
			buildPhases = (
				4200F5842AE95B28005655E7 /* Sources */,
				4200F5852AE95B28005655E7 /* Frameworks */,
				4200F5862AE95B28005655E7 /* Resources */,
			);
			buildRules = (
			);
			dependencies = (
				4200F58D2AE95B29005655E7 /* PBXTargetDependency */,
			);
			name = CI_ios;
			productName = CI_ios;
			productReference = 4200F5882AE95B28005655E7 /* CI_ios.xctest */;
			productType = "com.apple.product-type.bundle.unit-test";
		};
		42CD0C892AE8B18A000DBA32 /* EssentialApp */ = {
			isa = PBXNativeTarget;
			buildConfigurationList = 42CD0CB42AE8B18C000DBA32 /* Build configuration list for PBXNativeTarget "EssentialApp" */;
			buildPhases = (
				42CD0C862AE8B18A000DBA32 /* Sources */,
				42CD0C872AE8B18A000DBA32 /* Frameworks */,
				42CD0C882AE8B18A000DBA32 /* Resources */,
				42CD0CC62AE94F39000DBA32 /* Embed Frameworks */,
			);
			buildRules = (
			);
			dependencies = (
			);
			name = EssentialApp;
			productName = EssentialApp;
			productReference = 42CD0C8A2AE8B18A000DBA32 /* EssentialApp.app */;
			productType = "com.apple.product-type.application";
		};
		42CD0C9F2AE8B18C000DBA32 /* EssentialAppTests */ = {
			isa = PBXNativeTarget;
			buildConfigurationList = 42CD0CB72AE8B18C000DBA32 /* Build configuration list for PBXNativeTarget "EssentialAppTests" */;
			buildPhases = (
				42CD0C9C2AE8B18C000DBA32 /* Sources */,
				42CD0C9D2AE8B18C000DBA32 /* Frameworks */,
				42CD0C9E2AE8B18C000DBA32 /* Resources */,
			);
			buildRules = (
			);
			dependencies = (
				42CD0CA22AE8B18C000DBA32 /* PBXTargetDependency */,
			);
			name = EssentialAppTests;
			productName = EssentialAppTests;
			productReference = 42CD0CA02AE8B18C000DBA32 /* EssentialAppTests.xctest */;
			productType = "com.apple.product-type.bundle.unit-test";
		};
		42CD0CA92AE8B18C000DBA32 /* EssentialAppUITests */ = {
			isa = PBXNativeTarget;
			buildConfigurationList = 42CD0CBA2AE8B18C000DBA32 /* Build configuration list for PBXNativeTarget "EssentialAppUITests" */;
			buildPhases = (
				42CD0CA62AE8B18C000DBA32 /* Sources */,
				42CD0CA72AE8B18C000DBA32 /* Frameworks */,
				42CD0CA82AE8B18C000DBA32 /* Resources */,
			);
			buildRules = (
			);
			dependencies = (
				42CD0CAC2AE8B18C000DBA32 /* PBXTargetDependency */,
			);
			name = EssentialAppUITests;
			productName = EssentialAppUITests;
			productReference = 42CD0CAA2AE8B18C000DBA32 /* EssentialAppUITests.xctest */;
			productType = "com.apple.product-type.bundle.ui-testing";
		};
/* End PBXNativeTarget section */

/* Begin PBXProject section */
		42CD0C822AE8B18A000DBA32 /* Project object */ = {
			isa = PBXProject;
			attributes = {
				BuildIndependentTargetsInParallel = 1;
				LastSwiftUpdateCheck = 1500;
				LastUpgradeCheck = 1500;
				TargetAttributes = {
					4200F5872AE95B28005655E7 = {
						CreatedOnToolsVersion = 15.0;
						TestTargetID = 42CD0C892AE8B18A000DBA32;
					};
					42CD0C892AE8B18A000DBA32 = {
						CreatedOnToolsVersion = 15.0;
					};
					42CD0C9F2AE8B18C000DBA32 = {
						CreatedOnToolsVersion = 15.0;
						TestTargetID = 42CD0C892AE8B18A000DBA32;
					};
					42CD0CA92AE8B18C000DBA32 = {
						CreatedOnToolsVersion = 15.0;
						TestTargetID = 42CD0C892AE8B18A000DBA32;
					};
				};
			};
			buildConfigurationList = 42CD0C852AE8B18A000DBA32 /* Build configuration list for PBXProject "EssentialApp" */;
			compatibilityVersion = "Xcode 14.0";
			developmentRegion = en;
			hasScannedForEncodings = 0;
			knownRegions = (
				en,
				Base,
			);
			mainGroup = 42CD0C812AE8B18A000DBA32;
			productRefGroup = 42CD0C8B2AE8B18A000DBA32 /* Products */;
			projectDirPath = "";
			projectRoot = "";
			targets = (
				42CD0C892AE8B18A000DBA32 /* EssentialApp */,
				42CD0C9F2AE8B18C000DBA32 /* EssentialAppTests */,
				42CD0CA92AE8B18C000DBA32 /* EssentialAppUITests */,
				4200F5872AE95B28005655E7 /* CI_ios */,
			);
		};
/* End PBXProject section */

/* Begin PBXResourcesBuildPhase section */
		4200F5862AE95B28005655E7 /* Resources */ = {
			isa = PBXResourcesBuildPhase;
			buildActionMask = 2147483647;
			files = (
			);
			runOnlyForDeploymentPostprocessing = 0;
		};
		42CD0C882AE8B18A000DBA32 /* Resources */ = {
			isa = PBXResourcesBuildPhase;
			buildActionMask = 2147483647;
			files = (
				42CD0C9A2AE8B18B000DBA32 /* LaunchScreen.storyboard in Resources */,
				42CD0C972AE8B18B000DBA32 /* Assets.xcassets in Resources */,
				42CD0C952AE8B18A000DBA32 /* Main.storyboard in Resources */,
			);
			runOnlyForDeploymentPostprocessing = 0;
		};
		42CD0C9E2AE8B18C000DBA32 /* Resources */ = {
			isa = PBXResourcesBuildPhase;
			buildActionMask = 2147483647;
			files = (
			);
			runOnlyForDeploymentPostprocessing = 0;
		};
		42CD0CA82AE8B18C000DBA32 /* Resources */ = {
			isa = PBXResourcesBuildPhase;
			buildActionMask = 2147483647;
			files = (
			);
			runOnlyForDeploymentPostprocessing = 0;
		};
/* End PBXResourcesBuildPhase section */

/* Begin PBXSourcesBuildPhase section */
		4200F5842AE95B28005655E7 /* Sources */ = {
			isa = PBXSourcesBuildPhase;
			buildActionMask = 2147483647;
			files = (
				4200F58B2AE95B29005655E7 /* CI_ios.swift in Sources */,
			);
			runOnlyForDeploymentPostprocessing = 0;
		};
		42CD0C862AE8B18A000DBA32 /* Sources */ = {
			isa = PBXSourcesBuildPhase;
			buildActionMask = 2147483647;
			files = (
				42CD0CBE2AE94F1A000DBA32 /* FeedImageDataLoaderWithFallbackComposite.swift in Sources */,
				42CD0C922AE8B18A000DBA32 /* ViewController.swift in Sources */,
				42CD0CC82AE94F6B000DBA32 /* FeedLoaderWithFallbackComposite.swift in Sources */,
				42C3F4E92AE9B09100F53443 /* FeedLoaderCacheDecorator.swift in Sources */,
				42CD0C8E2AE8B18A000DBA32 /* AppDelegate.swift in Sources */,
				42CD0C902AE8B18A000DBA32 /* SceneDelegate.swift in Sources */,
			);
			runOnlyForDeploymentPostprocessing = 0;
		};
		42CD0C9C2AE8B18C000DBA32 /* Sources */ = {
			isa = PBXSourcesBuildPhase;
			buildActionMask = 2147483647;
			files = (
				42C3F4E52AE9AC6C00F53443 /* FeedLoaderTestCase.swift in Sources */,
				42C3F4EB2AE9B37F00F53443 /* FeedImageDataLoaderCacheDecoratorTests.swift in Sources */,
				42CD0CCA2AE94F9A000DBA32 /* FeedImageDataLoaderWithFallbackCompositeTests.swift in Sources */,
				42C3F4ED2AE9B41500F53443 /* FeedImageDataLoaderSpy.swift in Sources */,
				42C3F4EF2AE9B4E100F53443 /* FeedImageDataLoaderTestCase.swift in Sources */,
				42C3F4E32AE9ABE800F53443 /* FeedLoaderStub.swift in Sources */,
				42CD0CA52AE8B18C000DBA32 /* EssentialAppTestHelpers.swift in Sources */,
				42CD0CCC2AE94FC1000DBA32 /* FeedLoaderWithFallbackCompositeTests.swift in Sources */,
				42C3F4E12AE9AA4200F53443 /* FeedLoaderCacheDecoratorTests.swift in Sources */,
			);
			runOnlyForDeploymentPostprocessing = 0;
		};
		42CD0CA62AE8B18C000DBA32 /* Sources */ = {
			isa = PBXSourcesBuildPhase;
			buildActionMask = 2147483647;
			files = (
				42CD0CAF2AE8B18C000DBA32 /* EssentialAppUITests.swift in Sources */,
				42CD0CB12AE8B18C000DBA32 /* EssentialAppUITestsLaunchTests.swift in Sources */,
			);
			runOnlyForDeploymentPostprocessing = 0;
		};
/* End PBXSourcesBuildPhase section */

/* Begin PBXTargetDependency section */
		4200F58D2AE95B29005655E7 /* PBXTargetDependency */ = {
			isa = PBXTargetDependency;
			target = 42CD0C892AE8B18A000DBA32 /* EssentialApp */;
			targetProxy = 4200F58C2AE95B29005655E7 /* PBXContainerItemProxy */;
		};
		42CD0CA22AE8B18C000DBA32 /* PBXTargetDependency */ = {
			isa = PBXTargetDependency;
			target = 42CD0C892AE8B18A000DBA32 /* EssentialApp */;
			targetProxy = 42CD0CA12AE8B18C000DBA32 /* PBXContainerItemProxy */;
		};
		42CD0CAC2AE8B18C000DBA32 /* PBXTargetDependency */ = {
			isa = PBXTargetDependency;
			target = 42CD0C892AE8B18A000DBA32 /* EssentialApp */;
			targetProxy = 42CD0CAB2AE8B18C000DBA32 /* PBXContainerItemProxy */;
		};
/* End PBXTargetDependency section */

/* Begin PBXVariantGroup section */
		42CD0C932AE8B18A000DBA32 /* Main.storyboard */ = {
			isa = PBXVariantGroup;
			children = (
				42CD0C942AE8B18A000DBA32 /* Base */,
			);
			name = Main.storyboard;
			sourceTree = "<group>";
		};
		42CD0C982AE8B18B000DBA32 /* LaunchScreen.storyboard */ = {
			isa = PBXVariantGroup;
			children = (
				42CD0C992AE8B18B000DBA32 /* Base */,
			);
			name = LaunchScreen.storyboard;
			sourceTree = "<group>";
		};
/* End PBXVariantGroup section */

/* Begin XCBuildConfiguration section */
		4200F58F2AE95B29005655E7 /* Debug */ = {
			isa = XCBuildConfiguration;
			buildSettings = {
				BUNDLE_LOADER = "$(TEST_HOST)";
				CODE_SIGN_STYLE = Automatic;
				CURRENT_PROJECT_VERSION = 1;
				DEVELOPMENT_TEAM = 5X48PFL69D;
				GENERATE_INFOPLIST_FILE = YES;
				IPHONEOS_DEPLOYMENT_TARGET = 17.0;
				MARKETING_VERSION = 1.0;
				PRODUCT_BUNDLE_IDENTIFIER = "com.jzdesign.CI-ios";
				PRODUCT_NAME = "$(TARGET_NAME)";
				SWIFT_EMIT_LOC_STRINGS = NO;
				SWIFT_VERSION = 5.0;
				TARGETED_DEVICE_FAMILY = "1,2";
				TEST_HOST = "$(BUILT_PRODUCTS_DIR)/EssentialApp.app/$(BUNDLE_EXECUTABLE_FOLDER_PATH)/EssentialApp";
			};
			name = Debug;
		};
		4200F5902AE95B29005655E7 /* Release */ = {
			isa = XCBuildConfiguration;
			buildSettings = {
				BUNDLE_LOADER = "$(TEST_HOST)";
				CODE_SIGN_STYLE = Automatic;
				CURRENT_PROJECT_VERSION = 1;
				DEVELOPMENT_TEAM = 5X48PFL69D;
				GENERATE_INFOPLIST_FILE = YES;
				IPHONEOS_DEPLOYMENT_TARGET = 17.0;
				MARKETING_VERSION = 1.0;
				PRODUCT_BUNDLE_IDENTIFIER = "com.jzdesign.CI-ios";
				PRODUCT_NAME = "$(TARGET_NAME)";
				SWIFT_EMIT_LOC_STRINGS = NO;
				SWIFT_VERSION = 5.0;
				TARGETED_DEVICE_FAMILY = "1,2";
				TEST_HOST = "$(BUILT_PRODUCTS_DIR)/EssentialApp.app/$(BUNDLE_EXECUTABLE_FOLDER_PATH)/EssentialApp";
			};
			name = Release;
		};
		42CD0CB22AE8B18C000DBA32 /* Debug */ = {
			isa = XCBuildConfiguration;
			buildSettings = {
				ALWAYS_SEARCH_USER_PATHS = NO;
				ASSETCATALOG_COMPILER_GENERATE_SWIFT_ASSET_SYMBOL_EXTENSIONS = YES;
				CLANG_ANALYZER_NONNULL = YES;
				CLANG_ANALYZER_NUMBER_OBJECT_CONVERSION = YES_AGGRESSIVE;
				CLANG_CXX_LANGUAGE_STANDARD = "gnu++20";
				CLANG_ENABLE_MODULES = YES;
				CLANG_ENABLE_OBJC_ARC = YES;
				CLANG_ENABLE_OBJC_WEAK = YES;
				CLANG_WARN_BLOCK_CAPTURE_AUTORELEASING = YES;
				CLANG_WARN_BOOL_CONVERSION = YES;
				CLANG_WARN_COMMA = YES;
				CLANG_WARN_CONSTANT_CONVERSION = YES;
				CLANG_WARN_DEPRECATED_OBJC_IMPLEMENTATIONS = YES;
				CLANG_WARN_DIRECT_OBJC_ISA_USAGE = YES_ERROR;
				CLANG_WARN_DOCUMENTATION_COMMENTS = YES;
				CLANG_WARN_EMPTY_BODY = YES;
				CLANG_WARN_ENUM_CONVERSION = YES;
				CLANG_WARN_INFINITE_RECURSION = YES;
				CLANG_WARN_INT_CONVERSION = YES;
				CLANG_WARN_NON_LITERAL_NULL_CONVERSION = YES;
				CLANG_WARN_OBJC_IMPLICIT_RETAIN_SELF = YES;
				CLANG_WARN_OBJC_LITERAL_CONVERSION = YES;
				CLANG_WARN_OBJC_ROOT_CLASS = YES_ERROR;
				CLANG_WARN_QUOTED_INCLUDE_IN_FRAMEWORK_HEADER = YES;
				CLANG_WARN_RANGE_LOOP_ANALYSIS = YES;
				CLANG_WARN_STRICT_PROTOTYPES = YES;
				CLANG_WARN_SUSPICIOUS_MOVE = YES;
				CLANG_WARN_UNGUARDED_AVAILABILITY = YES_AGGRESSIVE;
				CLANG_WARN_UNREACHABLE_CODE = YES;
				CLANG_WARN__DUPLICATE_METHOD_MATCH = YES;
				COPY_PHASE_STRIP = NO;
				DEBUG_INFORMATION_FORMAT = dwarf;
				ENABLE_STRICT_OBJC_MSGSEND = YES;
				ENABLE_TESTABILITY = YES;
				ENABLE_USER_SCRIPT_SANDBOXING = YES;
				GCC_C_LANGUAGE_STANDARD = gnu17;
				GCC_DYNAMIC_NO_PIC = NO;
				GCC_NO_COMMON_BLOCKS = YES;
				GCC_OPTIMIZATION_LEVEL = 0;
				GCC_PREPROCESSOR_DEFINITIONS = (
					"DEBUG=1",
					"$(inherited)",
				);
				GCC_WARN_64_TO_32_BIT_CONVERSION = YES;
				GCC_WARN_ABOUT_RETURN_TYPE = YES_ERROR;
				GCC_WARN_UNDECLARED_SELECTOR = YES;
				GCC_WARN_UNINITIALIZED_AUTOS = YES_AGGRESSIVE;
				GCC_WARN_UNUSED_FUNCTION = YES;
				GCC_WARN_UNUSED_VARIABLE = YES;
				IPHONEOS_DEPLOYMENT_TARGET = 15.0;
				LOCALIZATION_PREFERS_STRING_CATALOGS = YES;
				MTL_ENABLE_DEBUG_INFO = INCLUDE_SOURCE;
				MTL_FAST_MATH = YES;
				ONLY_ACTIVE_ARCH = YES;
				SDKROOT = iphoneos;
				SWIFT_ACTIVE_COMPILATION_CONDITIONS = "DEBUG $(inherited)";
				SWIFT_OPTIMIZATION_LEVEL = "-Onone";
			};
			name = Debug;
		};
		42CD0CB32AE8B18C000DBA32 /* Release */ = {
			isa = XCBuildConfiguration;
			buildSettings = {
				ALWAYS_SEARCH_USER_PATHS = NO;
				ASSETCATALOG_COMPILER_GENERATE_SWIFT_ASSET_SYMBOL_EXTENSIONS = YES;
				CLANG_ANALYZER_NONNULL = YES;
				CLANG_ANALYZER_NUMBER_OBJECT_CONVERSION = YES_AGGRESSIVE;
				CLANG_CXX_LANGUAGE_STANDARD = "gnu++20";
				CLANG_ENABLE_MODULES = YES;
				CLANG_ENABLE_OBJC_ARC = YES;
				CLANG_ENABLE_OBJC_WEAK = YES;
				CLANG_WARN_BLOCK_CAPTURE_AUTORELEASING = YES;
				CLANG_WARN_BOOL_CONVERSION = YES;
				CLANG_WARN_COMMA = YES;
				CLANG_WARN_CONSTANT_CONVERSION = YES;
				CLANG_WARN_DEPRECATED_OBJC_IMPLEMENTATIONS = YES;
				CLANG_WARN_DIRECT_OBJC_ISA_USAGE = YES_ERROR;
				CLANG_WARN_DOCUMENTATION_COMMENTS = YES;
				CLANG_WARN_EMPTY_BODY = YES;
				CLANG_WARN_ENUM_CONVERSION = YES;
				CLANG_WARN_INFINITE_RECURSION = YES;
				CLANG_WARN_INT_CONVERSION = YES;
				CLANG_WARN_NON_LITERAL_NULL_CONVERSION = YES;
				CLANG_WARN_OBJC_IMPLICIT_RETAIN_SELF = YES;
				CLANG_WARN_OBJC_LITERAL_CONVERSION = YES;
				CLANG_WARN_OBJC_ROOT_CLASS = YES_ERROR;
				CLANG_WARN_QUOTED_INCLUDE_IN_FRAMEWORK_HEADER = YES;
				CLANG_WARN_RANGE_LOOP_ANALYSIS = YES;
				CLANG_WARN_STRICT_PROTOTYPES = YES;
				CLANG_WARN_SUSPICIOUS_MOVE = YES;
				CLANG_WARN_UNGUARDED_AVAILABILITY = YES_AGGRESSIVE;
				CLANG_WARN_UNREACHABLE_CODE = YES;
				CLANG_WARN__DUPLICATE_METHOD_MATCH = YES;
				COPY_PHASE_STRIP = NO;
				DEBUG_INFORMATION_FORMAT = "dwarf-with-dsym";
				ENABLE_NS_ASSERTIONS = NO;
				ENABLE_STRICT_OBJC_MSGSEND = YES;
				ENABLE_USER_SCRIPT_SANDBOXING = YES;
				GCC_C_LANGUAGE_STANDARD = gnu17;
				GCC_NO_COMMON_BLOCKS = YES;
				GCC_WARN_64_TO_32_BIT_CONVERSION = YES;
				GCC_WARN_ABOUT_RETURN_TYPE = YES_ERROR;
				GCC_WARN_UNDECLARED_SELECTOR = YES;
				GCC_WARN_UNINITIALIZED_AUTOS = YES_AGGRESSIVE;
				GCC_WARN_UNUSED_FUNCTION = YES;
				GCC_WARN_UNUSED_VARIABLE = YES;
				IPHONEOS_DEPLOYMENT_TARGET = 15.0;
				LOCALIZATION_PREFERS_STRING_CATALOGS = YES;
				MTL_ENABLE_DEBUG_INFO = NO;
				MTL_FAST_MATH = YES;
				SDKROOT = iphoneos;
				SWIFT_COMPILATION_MODE = wholemodule;
				VALIDATE_PRODUCT = YES;
			};
			name = Release;
		};
		42CD0CB52AE8B18C000DBA32 /* Debug */ = {
			isa = XCBuildConfiguration;
			buildSettings = {
				ASSETCATALOG_COMPILER_APPICON_NAME = AppIcon;
				ASSETCATALOG_COMPILER_GLOBAL_ACCENT_COLOR_NAME = AccentColor;
				CODE_SIGN_STYLE = Automatic;
				CURRENT_PROJECT_VERSION = 1;
				DEVELOPMENT_TEAM = 5X48PFL69D;
				GENERATE_INFOPLIST_FILE = YES;
				INFOPLIST_FILE = EssentialApp/Info.plist;
				INFOPLIST_KEY_UIApplicationSupportsIndirectInputEvents = YES;
				INFOPLIST_KEY_UILaunchStoryboardName = LaunchScreen;
				INFOPLIST_KEY_UIMainStoryboardFile = Main;
				INFOPLIST_KEY_UISupportedInterfaceOrientations_iPad = "UIInterfaceOrientationPortrait UIInterfaceOrientationPortraitUpsideDown UIInterfaceOrientationLandscapeLeft UIInterfaceOrientationLandscapeRight";
				INFOPLIST_KEY_UISupportedInterfaceOrientations_iPhone = "UIInterfaceOrientationPortrait UIInterfaceOrientationLandscapeLeft UIInterfaceOrientationLandscapeRight";
				IPHONEOS_DEPLOYMENT_TARGET = 15.0;
				LD_RUNPATH_SEARCH_PATHS = (
					"$(inherited)",
					"@executable_path/Frameworks",
				);
				MARKETING_VERSION = 1.0;
				PRODUCT_BUNDLE_IDENTIFIER = com.jzdesign.EssentialApp;
				PRODUCT_NAME = "$(TARGET_NAME)";
				SWIFT_EMIT_LOC_STRINGS = YES;
				SWIFT_VERSION = 5.0;
				TARGETED_DEVICE_FAMILY = "1,2";
			};
			name = Debug;
		};
		42CD0CB62AE8B18C000DBA32 /* Release */ = {
			isa = XCBuildConfiguration;
			buildSettings = {
				ASSETCATALOG_COMPILER_APPICON_NAME = AppIcon;
				ASSETCATALOG_COMPILER_GLOBAL_ACCENT_COLOR_NAME = AccentColor;
				CODE_SIGN_STYLE = Automatic;
				CURRENT_PROJECT_VERSION = 1;
				DEVELOPMENT_TEAM = 5X48PFL69D;
				GENERATE_INFOPLIST_FILE = YES;
				INFOPLIST_FILE = EssentialApp/Info.plist;
				INFOPLIST_KEY_UIApplicationSupportsIndirectInputEvents = YES;
				INFOPLIST_KEY_UILaunchStoryboardName = LaunchScreen;
				INFOPLIST_KEY_UIMainStoryboardFile = Main;
				INFOPLIST_KEY_UISupportedInterfaceOrientations_iPad = "UIInterfaceOrientationPortrait UIInterfaceOrientationPortraitUpsideDown UIInterfaceOrientationLandscapeLeft UIInterfaceOrientationLandscapeRight";
				INFOPLIST_KEY_UISupportedInterfaceOrientations_iPhone = "UIInterfaceOrientationPortrait UIInterfaceOrientationLandscapeLeft UIInterfaceOrientationLandscapeRight";
				IPHONEOS_DEPLOYMENT_TARGET = 15.0;
				LD_RUNPATH_SEARCH_PATHS = (
					"$(inherited)",
					"@executable_path/Frameworks",
				);
				MARKETING_VERSION = 1.0;
				PRODUCT_BUNDLE_IDENTIFIER = com.jzdesign.EssentialApp;
				PRODUCT_NAME = "$(TARGET_NAME)";
				SWIFT_EMIT_LOC_STRINGS = YES;
				SWIFT_VERSION = 5.0;
				TARGETED_DEVICE_FAMILY = "1,2";
			};
			name = Release;
		};
		42CD0CB82AE8B18C000DBA32 /* Debug */ = {
			isa = XCBuildConfiguration;
			buildSettings = {
				ALWAYS_EMBED_SWIFT_STANDARD_LIBRARIES = YES;
				BUNDLE_LOADER = "$(TEST_HOST)";
				CODE_SIGN_STYLE = Automatic;
				CURRENT_PROJECT_VERSION = 1;
				DEVELOPMENT_TEAM = 5X48PFL69D;
				GENERATE_INFOPLIST_FILE = YES;
				IPHONEOS_DEPLOYMENT_TARGET = 15.0;
				MARKETING_VERSION = 1.0;
				PRODUCT_BUNDLE_IDENTIFIER = com.jzdesign.EssentialAppTests;
				PRODUCT_NAME = "$(TARGET_NAME)";
				SWIFT_EMIT_LOC_STRINGS = NO;
				SWIFT_VERSION = 5.0;
				TARGETED_DEVICE_FAMILY = "1,2";
				TEST_HOST = "$(BUILT_PRODUCTS_DIR)/EssentialApp.app/$(BUNDLE_EXECUTABLE_FOLDER_PATH)/EssentialApp";
			};
			name = Debug;
		};
		42CD0CB92AE8B18C000DBA32 /* Release */ = {
			isa = XCBuildConfiguration;
			buildSettings = {
				ALWAYS_EMBED_SWIFT_STANDARD_LIBRARIES = YES;
				BUNDLE_LOADER = "$(TEST_HOST)";
				CODE_SIGN_STYLE = Automatic;
				CURRENT_PROJECT_VERSION = 1;
				DEVELOPMENT_TEAM = 5X48PFL69D;
				GENERATE_INFOPLIST_FILE = YES;
				IPHONEOS_DEPLOYMENT_TARGET = 15.0;
				MARKETING_VERSION = 1.0;
				PRODUCT_BUNDLE_IDENTIFIER = com.jzdesign.EssentialAppTests;
				PRODUCT_NAME = "$(TARGET_NAME)";
				SWIFT_EMIT_LOC_STRINGS = NO;
				SWIFT_VERSION = 5.0;
				TARGETED_DEVICE_FAMILY = "1,2";
				TEST_HOST = "$(BUILT_PRODUCTS_DIR)/EssentialApp.app/$(BUNDLE_EXECUTABLE_FOLDER_PATH)/EssentialApp";
			};
			name = Release;
		};
		42CD0CBB2AE8B18C000DBA32 /* Debug */ = {
			isa = XCBuildConfiguration;
			buildSettings = {
				ALWAYS_EMBED_SWIFT_STANDARD_LIBRARIES = YES;
				CODE_SIGN_STYLE = Automatic;
				CURRENT_PROJECT_VERSION = 1;
				DEVELOPMENT_TEAM = 5X48PFL69D;
				GENERATE_INFOPLIST_FILE = YES;
				MARKETING_VERSION = 1.0;
				PRODUCT_BUNDLE_IDENTIFIER = com.jzdesign.EssentialAppUITests;
				PRODUCT_NAME = "$(TARGET_NAME)";
				SWIFT_EMIT_LOC_STRINGS = NO;
				SWIFT_VERSION = 5.0;
				TARGETED_DEVICE_FAMILY = "1,2";
				TEST_TARGET_NAME = EssentialApp;
			};
			name = Debug;
		};
		42CD0CBC2AE8B18C000DBA32 /* Release */ = {
			isa = XCBuildConfiguration;
			buildSettings = {
				ALWAYS_EMBED_SWIFT_STANDARD_LIBRARIES = YES;
				CODE_SIGN_STYLE = Automatic;
				CURRENT_PROJECT_VERSION = 1;
				DEVELOPMENT_TEAM = 5X48PFL69D;
				GENERATE_INFOPLIST_FILE = YES;
				MARKETING_VERSION = 1.0;
				PRODUCT_BUNDLE_IDENTIFIER = com.jzdesign.EssentialAppUITests;
				PRODUCT_NAME = "$(TARGET_NAME)";
				SWIFT_EMIT_LOC_STRINGS = NO;
				SWIFT_VERSION = 5.0;
				TARGETED_DEVICE_FAMILY = "1,2";
				TEST_TARGET_NAME = EssentialApp;
			};
			name = Release;
		};
/* End XCBuildConfiguration section */

/* Begin XCConfigurationList section */
		4200F58E2AE95B29005655E7 /* Build configuration list for PBXNativeTarget "CI_ios" */ = {
			isa = XCConfigurationList;
			buildConfigurations = (
				4200F58F2AE95B29005655E7 /* Debug */,
				4200F5902AE95B29005655E7 /* Release */,
			);
			defaultConfigurationIsVisible = 0;
			defaultConfigurationName = Release;
		};
		42CD0C852AE8B18A000DBA32 /* Build configuration list for PBXProject "EssentialApp" */ = {
			isa = XCConfigurationList;
			buildConfigurations = (
				42CD0CB22AE8B18C000DBA32 /* Debug */,
				42CD0CB32AE8B18C000DBA32 /* Release */,
			);
			defaultConfigurationIsVisible = 0;
			defaultConfigurationName = Release;
		};
		42CD0CB42AE8B18C000DBA32 /* Build configuration list for PBXNativeTarget "EssentialApp" */ = {
			isa = XCConfigurationList;
			buildConfigurations = (
				42CD0CB52AE8B18C000DBA32 /* Debug */,
				42CD0CB62AE8B18C000DBA32 /* Release */,
			);
			defaultConfigurationIsVisible = 0;
			defaultConfigurationName = Release;
		};
		42CD0CB72AE8B18C000DBA32 /* Build configuration list for PBXNativeTarget "EssentialAppTests" */ = {
			isa = XCConfigurationList;
			buildConfigurations = (
				42CD0CB82AE8B18C000DBA32 /* Debug */,
				42CD0CB92AE8B18C000DBA32 /* Release */,
			);
			defaultConfigurationIsVisible = 0;
			defaultConfigurationName = Release;
		};
		42CD0CBA2AE8B18C000DBA32 /* Build configuration list for PBXNativeTarget "EssentialAppUITests" */ = {
			isa = XCConfigurationList;
			buildConfigurations = (
				42CD0CBB2AE8B18C000DBA32 /* Debug */,
				42CD0CBC2AE8B18C000DBA32 /* Release */,
			);
			defaultConfigurationIsVisible = 0;
			defaultConfigurationName = Release;
		};
/* End XCConfigurationList section */
	};
	rootObject = 42CD0C822AE8B18A000DBA32 /* Project object */;
}
